// !$*UTF8*$!
{
	archiveVersion = 1;
	classes = {
	};
	objectVersion = 55;
	objects = {

/* Begin PBXBuildFile section */
		052F093928B61FEB006E90AD /* sound-tap.mp3 in Resources */ = {isa = PBXBuildFile; fileRef = 052F093628B61FEB006E90AD /* sound-tap.mp3 */; };
		052F093A28B61FEB006E90AD /* sound-ding.mp3 in Resources */ = {isa = PBXBuildFile; fileRef = 052F093728B61FEB006E90AD /* sound-ding.mp3 */; };
		052F093B28B61FEB006E90AD /* sound-rise.mp3 in Resources */ = {isa = PBXBuildFile; fileRef = 052F093828B61FEB006E90AD /* sound-rise.mp3 */; };
		055C635F28C6212900F22AAC /* HideKeyBoardExtension.swift in Sources */ = {isa = PBXBuildFile; fileRef = 055C635E28C6212900F22AAC /* HideKeyBoardExtension.swift */; };
		055C636128C6245900F22AAC /* BackgroundImageView.swift in Sources */ = {isa = PBXBuildFile; fileRef = 055C636028C6245900F22AAC /* BackgroundImageView.swift */; };
		055C636328C6259700F22AAC /* NewTaskItemView.swift in Sources */ = {isa = PBXBuildFile; fileRef = 055C636228C6259700F22AAC /* NewTaskItemView.swift */; };
		055C636528C6299900F22AAC /* BlankView.swift in Sources */ = {isa = PBXBuildFile; fileRef = 055C636428C6299900F22AAC /* BlankView.swift */; };
		0572690928C233780027D221 /* Constant.swift in Sources */ = {isa = PBXBuildFile; fileRef = 0572690828C233780027D221 /* Constant.swift */; };
		05940E0B28B3D6CC00E28FC5 /* DevoteApp.swift in Sources */ = {isa = PBXBuildFile; fileRef = 05940E0A28B3D6CC00E28FC5 /* DevoteApp.swift */; };
		05940E0D28B3D6CC00E28FC5 /* ContentView.swift in Sources */ = {isa = PBXBuildFile; fileRef = 05940E0C28B3D6CC00E28FC5 /* ContentView.swift */; };
		05940E0F28B3D6CE00E28FC5 /* Assets.xcassets in Resources */ = {isa = PBXBuildFile; fileRef = 05940E0E28B3D6CE00E28FC5 /* Assets.xcassets */; };
		05940E1228B3D6CE00E28FC5 /* Preview Assets.xcassets in Resources */ = {isa = PBXBuildFile; fileRef = 05940E1128B3D6CE00E28FC5 /* Preview Assets.xcassets */; };
		05940E1428B3D6CE00E28FC5 /* Persistence.swift in Sources */ = {isa = PBXBuildFile; fileRef = 05940E1328B3D6CE00E28FC5 /* Persistence.swift */; };
		05940E1728B3D6CE00E28FC5 /* Devote.xcdatamodeld in Sources */ = {isa = PBXBuildFile; fileRef = 05940E1528B3D6CE00E28FC5 /* Devote.xcdatamodeld */; };
/* End PBXBuildFile section */

/* Begin PBXFileReference section */
		052F093628B61FEB006E90AD /* sound-tap.mp3 */ = {isa = PBXFileReference; lastKnownFileType = audio.mp3; path = "sound-tap.mp3"; sourceTree = "<group>"; };
		052F093728B61FEB006E90AD /* sound-ding.mp3 */ = {isa = PBXFileReference; lastKnownFileType = audio.mp3; path = "sound-ding.mp3"; sourceTree = "<group>"; };
		052F093828B61FEB006E90AD /* sound-rise.mp3 */ = {isa = PBXFileReference; lastKnownFileType = audio.mp3; path = "sound-rise.mp3"; sourceTree = "<group>"; };
		052F094228B62082006E90AD /* Info.plist */ = {isa = PBXFileReference; lastKnownFileType = text.plist; path = Info.plist; sourceTree = "<group>"; };
		055C635E28C6212900F22AAC /* HideKeyBoardExtension.swift */ = {isa = PBXFileReference; lastKnownFileType = sourcecode.swift; path = HideKeyBoardExtension.swift; sourceTree = "<group>"; };
		055C636028C6245900F22AAC /* BackgroundImageView.swift */ = {isa = PBXFileReference; lastKnownFileType = sourcecode.swift; path = BackgroundImageView.swift; sourceTree = "<group>"; };
		055C636228C6259700F22AAC /* NewTaskItemView.swift */ = {isa = PBXFileReference; lastKnownFileType = sourcecode.swift; path = NewTaskItemView.swift; sourceTree = "<group>"; };
		055C636428C6299900F22AAC /* BlankView.swift */ = {isa = PBXFileReference; lastKnownFileType = sourcecode.swift; path = BlankView.swift; sourceTree = "<group>"; };
		0572690828C233780027D221 /* Constant.swift */ = {isa = PBXFileReference; lastKnownFileType = sourcecode.swift; path = Constant.swift; sourceTree = "<group>"; };
		05940E0728B3D6CC00E28FC5 /* Devote.app */ = {isa = PBXFileReference; explicitFileType = wrapper.application; includeInIndex = 0; path = Devote.app; sourceTree = BUILT_PRODUCTS_DIR; };
		05940E0A28B3D6CC00E28FC5 /* DevoteApp.swift */ = {isa = PBXFileReference; lastKnownFileType = sourcecode.swift; path = DevoteApp.swift; sourceTree = "<group>"; };
		05940E0C28B3D6CC00E28FC5 /* ContentView.swift */ = {isa = PBXFileReference; lastKnownFileType = sourcecode.swift; path = ContentView.swift; sourceTree = "<group>"; };
		05940E0E28B3D6CE00E28FC5 /* Assets.xcassets */ = {isa = PBXFileReference; lastKnownFileType = folder.assetcatalog; path = Assets.xcassets; sourceTree = "<group>"; };
		05940E1128B3D6CE00E28FC5 /* Preview Assets.xcassets */ = {isa = PBXFileReference; lastKnownFileType = folder.assetcatalog; path = "Preview Assets.xcassets"; sourceTree = "<group>"; };
		05940E1328B3D6CE00E28FC5 /* Persistence.swift */ = {isa = PBXFileReference; lastKnownFileType = sourcecode.swift; path = Persistence.swift; sourceTree = "<group>"; };
		05940E1628B3D6CE00E28FC5 /* Devote.xcdatamodel */ = {isa = PBXFileReference; lastKnownFileType = wrapper.xcdatamodel; path = Devote.xcdatamodel; sourceTree = "<group>"; };
/* End PBXFileReference section */

/* Begin PBXFrameworksBuildPhase section */
		05940E0428B3D6CC00E28FC5 /* Frameworks */ = {
			isa = PBXFrameworksBuildPhase;
			buildActionMask = 2147483647;
			files = (
			);
			runOnlyForDeploymentPostprocessing = 0;
		};
/* End PBXFrameworksBuildPhase section */

/* Begin PBXGroup section */
		052F093C28B6200E006E90AD /* Sound */ = {
			isa = PBXGroup;
			children = (
				052F093728B61FEB006E90AD /* sound-ding.mp3 */,
				052F093828B61FEB006E90AD /* sound-rise.mp3 */,
				052F093628B61FEB006E90AD /* sound-tap.mp3 */,
			);
			path = Sound;
			sourceTree = "<group>";
		};
		052F093D28B62017006E90AD /* View */ = {
			isa = PBXGroup;
			children = (
				05940E0C28B3D6CC00E28FC5 /* ContentView.swift */,
				055C636028C6245900F22AAC /* BackgroundImageView.swift */,
				055C636228C6259700F22AAC /* NewTaskItemView.swift */,
				055C636428C6299900F22AAC /* BlankView.swift */,
			);
			path = View;
			sourceTree = "<group>";
		};
		052F093E28B6201F006E90AD /* Extension */ = {
			isa = PBXGroup;
			children = (
				055C635E28C6212900F22AAC /* HideKeyBoardExtension.swift */,
			);
			path = Extension;
			sourceTree = "<group>";
		};
		052F093F28B62025006E90AD /* Utility */ = {
			isa = PBXGroup;
			children = (
				0572690828C233780027D221 /* Constant.swift */,
			);
			path = Utility;
			sourceTree = "<group>";
		};
		052F094028B6202D006E90AD /* Style */ = {
			isa = PBXGroup;
			children = (
			);
			path = Style;
			sourceTree = "<group>";
		};
		052F094128B6203B006E90AD /* Model */ = {
			isa = PBXGroup;
			children = (
				05940E1328B3D6CE00E28FC5 /* Persistence.swift */,
				05940E1528B3D6CE00E28FC5 /* Devote.xcdatamodeld */,
			);
			path = Model;
			sourceTree = "<group>";
		};
		05940DFE28B3D6CC00E28FC5 = {
			isa = PBXGroup;
			children = (
				05940E0928B3D6CC00E28FC5 /* Devote */,
				05940E0828B3D6CC00E28FC5 /* Products */,
			);
			sourceTree = "<group>";
		};
		05940E0828B3D6CC00E28FC5 /* Products */ = {
			isa = PBXGroup;
			children = (
				05940E0728B3D6CC00E28FC5 /* Devote.app */,
			);
			name = Products;
			sourceTree = "<group>";
		};
		05940E0928B3D6CC00E28FC5 /* Devote */ = {
			isa = PBXGroup;
			children = (
				052F094228B62082006E90AD /* Info.plist */,
				052F094028B6202D006E90AD /* Style */,
				052F093F28B62025006E90AD /* Utility */,
				052F093E28B6201F006E90AD /* Extension */,
				05940E0A28B3D6CC00E28FC5 /* DevoteApp.swift */,
				052F093D28B62017006E90AD /* View */,
				05940E0E28B3D6CE00E28FC5 /* Assets.xcassets */,
				052F094128B6203B006E90AD /* Model */,
				052F093C28B6200E006E90AD /* Sound */,
				05940E1028B3D6CE00E28FC5 /* Preview Content */,
			);
			path = Devote;
			sourceTree = "<group>";
		};
		05940E1028B3D6CE00E28FC5 /* Preview Content */ = {
			isa = PBXGroup;
			children = (
				05940E1128B3D6CE00E28FC5 /* Preview Assets.xcassets */,
			);
			path = "Preview Content";
			sourceTree = "<group>";
		};
/* End PBXGroup section */

/* Begin PBXNativeTarget section */
		05940E0628B3D6CC00E28FC5 /* Devote */ = {
			isa = PBXNativeTarget;
			buildConfigurationList = 05940E1A28B3D6CE00E28FC5 /* Build configuration list for PBXNativeTarget "Devote" */;
			buildPhases = (
				05940E0328B3D6CC00E28FC5 /* Sources */,
				05940E0428B3D6CC00E28FC5 /* Frameworks */,
				05940E0528B3D6CC00E28FC5 /* Resources */,
			);
			buildRules = (
			);
			dependencies = (
			);
			name = Devote;
			productName = Devote;
			productReference = 05940E0728B3D6CC00E28FC5 /* Devote.app */;
			productType = "com.apple.product-type.application";
		};
/* End PBXNativeTarget section */

/* Begin PBXProject section */
		05940DFF28B3D6CC00E28FC5 /* Project object */ = {
			isa = PBXProject;
			attributes = {
				BuildIndependentTargetsInParallel = 1;
				LastSwiftUpdateCheck = 1340;
				LastUpgradeCheck = 1340;
				TargetAttributes = {
					05940E0628B3D6CC00E28FC5 = {
						CreatedOnToolsVersion = 13.4.1;
					};
				};
			};
			buildConfigurationList = 05940E0228B3D6CC00E28FC5 /* Build configuration list for PBXProject "Devote" */;
			compatibilityVersion = "Xcode 13.0";
			developmentRegion = en;
			hasScannedForEncodings = 0;
			knownRegions = (
				en,
				Base,
			);
			mainGroup = 05940DFE28B3D6CC00E28FC5;
			productRefGroup = 05940E0828B3D6CC00E28FC5 /* Products */;
			projectDirPath = "";
			projectRoot = "";
			targets = (
				05940E0628B3D6CC00E28FC5 /* Devote */,
			);
		};
/* End PBXProject section */

/* Begin PBXResourcesBuildPhase section */
		05940E0528B3D6CC00E28FC5 /* Resources */ = {
			isa = PBXResourcesBuildPhase;
			buildActionMask = 2147483647;
			files = (
				052F093B28B61FEB006E90AD /* sound-rise.mp3 in Resources */,
				052F093A28B61FEB006E90AD /* sound-ding.mp3 in Resources */,
				052F093928B61FEB006E90AD /* sound-tap.mp3 in Resources */,
				05940E1228B3D6CE00E28FC5 /* Preview Assets.xcassets in Resources */,
				05940E0F28B3D6CE00E28FC5 /* Assets.xcassets in Resources */,
			);
			runOnlyForDeploymentPostprocessing = 0;
		};
/* End PBXResourcesBuildPhase section */

/* Begin PBXSourcesBuildPhase section */
		05940E0328B3D6CC00E28FC5 /* Sources */ = {
			isa = PBXSourcesBuildPhase;
			buildActionMask = 2147483647;
			files = (
				055C635F28C6212900F22AAC /* HideKeyBoardExtension.swift in Sources */,
				055C636128C6245900F22AAC /* BackgroundImageView.swift in Sources */,
				05940E1428B3D6CE00E28FC5 /* Persistence.swift in Sources */,
				05940E0D28B3D6CC00E28FC5 /* ContentView.swift in Sources */,
				055C636528C6299900F22AAC /* BlankView.swift in Sources */,
				0572690928C233780027D221 /* Constant.swift in Sources */,
				05940E1728B3D6CE00E28FC5 /* Devote.xcdatamodeld in Sources */,
				05940E0B28B3D6CC00E28FC5 /* DevoteApp.swift in Sources */,
				055C636328C6259700F22AAC /* NewTaskItemView.swift in Sources */,
			);
			runOnlyForDeploymentPostprocessing = 0;
		};
/* End PBXSourcesBuildPhase section */

/* Begin XCBuildConfiguration section */
		05940E1828B3D6CE00E28FC5 /* Debug */ = {
			isa = XCBuildConfiguration;
			buildSettings = {
				ALWAYS_SEARCH_USER_PATHS = NO;
				CLANG_ANALYZER_NONNULL = YES;
				CLANG_ANALYZER_NUMBER_OBJECT_CONVERSION = YES_AGGRESSIVE;
				CLANG_CXX_LANGUAGE_STANDARD = "gnu++17";
				CLANG_ENABLE_MODULES = YES;
				CLANG_ENABLE_OBJC_ARC = YES;
				CLANG_ENABLE_OBJC_WEAK = YES;
				CLANG_WARN_BLOCK_CAPTURE_AUTORELEASING = YES;
				CLANG_WARN_BOOL_CONVERSION = YES;
				CLANG_WARN_COMMA = YES;
				CLANG_WARN_CONSTANT_CONVERSION = YES;
				CLANG_WARN_DEPRECATED_OBJC_IMPLEMENTATIONS = YES;
				CLANG_WARN_DIRECT_OBJC_ISA_USAGE = YES_ERROR;
				CLANG_WARN_DOCUMENTATION_COMMENTS = YES;
				CLANG_WARN_EMPTY_BODY = YES;
				CLANG_WARN_ENUM_CONVERSION = YES;
				CLANG_WARN_INFINITE_RECURSION = YES;
				CLANG_WARN_INT_CONVERSION = YES;
				CLANG_WARN_NON_LITERAL_NULL_CONVERSION = YES;
				CLANG_WARN_OBJC_IMPLICIT_RETAIN_SELF = YES;
				CLANG_WARN_OBJC_LITERAL_CONVERSION = YES;
				CLANG_WARN_OBJC_ROOT_CLASS = YES_ERROR;
				CLANG_WARN_QUOTED_INCLUDE_IN_FRAMEWORK_HEADER = YES;
				CLANG_WARN_RANGE_LOOP_ANALYSIS = YES;
				CLANG_WARN_STRICT_PROTOTYPES = YES;
				CLANG_WARN_SUSPICIOUS_MOVE = YES;
				CLANG_WARN_UNGUARDED_AVAILABILITY = YES_AGGRESSIVE;
				CLANG_WARN_UNREACHABLE_CODE = YES;
				CLANG_WARN__DUPLICATE_METHOD_MATCH = YES;
				COPY_PHASE_STRIP = NO;
				DEBUG_INFORMATION_FORMAT = dwarf;
				ENABLE_STRICT_OBJC_MSGSEND = YES;
				ENABLE_TESTABILITY = YES;
				GCC_C_LANGUAGE_STANDARD = gnu11;
				GCC_DYNAMIC_NO_PIC = NO;
				GCC_NO_COMMON_BLOCKS = YES;
				GCC_OPTIMIZATION_LEVEL = 0;
				GCC_PREPROCESSOR_DEFINITIONS = (
					"DEBUG=1",
					"$(inherited)",
				);
				GCC_WARN_64_TO_32_BIT_CONVERSION = YES;
				GCC_WARN_ABOUT_RETURN_TYPE = YES_ERROR;
				GCC_WARN_UNDECLARED_SELECTOR = YES;
				GCC_WARN_UNINITIALIZED_AUTOS = YES_AGGRESSIVE;
				GCC_WARN_UNUSED_FUNCTION = YES;
				GCC_WARN_UNUSED_VARIABLE = YES;
				IPHONEOS_DEPLOYMENT_TARGET = 15.5;
				MTL_ENABLE_DEBUG_INFO = INCLUDE_SOURCE;
				MTL_FAST_MATH = YES;
				ONLY_ACTIVE_ARCH = YES;
				SDKROOT = iphoneos;
				SWIFT_ACTIVE_COMPILATION_CONDITIONS = DEBUG;
				SWIFT_OPTIMIZATION_LEVEL = "-Onone";
			};
			name = Debug;
		};
		05940E1928B3D6CE00E28FC5 /* Release */ = {
			isa = XCBuildConfiguration;
			buildSettings = {
				ALWAYS_SEARCH_USER_PATHS = NO;
				CLANG_ANALYZER_NONNULL = YES;
				CLANG_ANALYZER_NUMBER_OBJECT_CONVERSION = YES_AGGRESSIVE;
				CLANG_CXX_LANGUAGE_STANDARD = "gnu++17";
				CLANG_ENABLE_MODULES = YES;
				CLANG_ENABLE_OBJC_ARC = YES;
				CLANG_ENABLE_OBJC_WEAK = YES;
				CLANG_WARN_BLOCK_CAPTURE_AUTORELEASING = YES;
				CLANG_WARN_BOOL_CONVERSION = YES;
				CLANG_WARN_COMMA = YES;
				CLANG_WARN_CONSTANT_CONVERSION = YES;
				CLANG_WARN_DEPRECATED_OBJC_IMPLEMENTATIONS = YES;
				CLANG_WARN_DIRECT_OBJC_ISA_USAGE = YES_ERROR;
				CLANG_WARN_DOCUMENTATION_COMMENTS = YES;
				CLANG_WARN_EMPTY_BODY = YES;
				CLANG_WARN_ENUM_CONVERSION = YES;
				CLANG_WARN_INFINITE_RECURSION = YES;
				CLANG_WARN_INT_CONVERSION = YES;
				CLANG_WARN_NON_LITERAL_NULL_CONVERSION = YES;
				CLANG_WARN_OBJC_IMPLICIT_RETAIN_SELF = YES;
				CLANG_WARN_OBJC_LITERAL_CONVERSION = YES;
				CLANG_WARN_OBJC_ROOT_CLASS = YES_ERROR;
				CLANG_WARN_QUOTED_INCLUDE_IN_FRAMEWORK_HEADER = YES;
				CLANG_WARN_RANGE_LOOP_ANALYSIS = YES;
				CLANG_WARN_STRICT_PROTOTYPES = YES;
				CLANG_WARN_SUSPICIOUS_MOVE = YES;
				CLANG_WARN_UNGUARDED_AVAILABILITY = YES_AGGRESSIVE;
				CLANG_WARN_UNREACHABLE_CODE = YES;
				CLANG_WARN__DUPLICATE_METHOD_MATCH = YES;
				COPY_PHASE_STRIP = NO;
				DEBUG_INFORMATION_FORMAT = "dwarf-with-dsym";
				ENABLE_NS_ASSERTIONS = NO;
				ENABLE_STRICT_OBJC_MSGSEND = YES;
				GCC_C_LANGUAGE_STANDARD = gnu11;
				GCC_NO_COMMON_BLOCKS = YES;
				GCC_WARN_64_TO_32_BIT_CONVERSION = YES;
				GCC_WARN_ABOUT_RETURN_TYPE = YES_ERROR;
				GCC_WARN_UNDECLARED_SELECTOR = YES;
				GCC_WARN_UNINITIALIZED_AUTOS = YES_AGGRESSIVE;
				GCC_WARN_UNUSED_FUNCTION = YES;
				GCC_WARN_UNUSED_VARIABLE = YES;
				IPHONEOS_DEPLOYMENT_TARGET = 15.5;
				MTL_ENABLE_DEBUG_INFO = NO;
				MTL_FAST_MATH = YES;
				SDKROOT = iphoneos;
				SWIFT_COMPILATION_MODE = wholemodule;
				SWIFT_OPTIMIZATION_LEVEL = "-O";
				VALIDATE_PRODUCT = YES;
			};
			name = Release;
		};
		05940E1B28B3D6CE00E28FC5 /* Debug */ = {
			isa = XCBuildConfiguration;
			buildSettings = {
				ASSETCATALOG_COMPILER_APPICON_NAME = AppIcon;
				ASSETCATALOG_COMPILER_GLOBAL_ACCENT_COLOR_NAME = AccentColor;
				CODE_SIGN_STYLE = Automatic;
				CURRENT_PROJECT_VERSION = 1;
				DEVELOPMENT_ASSET_PATHS = "\"Devote/Preview Content\"";
				DEVELOPMENT_TEAM = L2CJ78AL3T;
				ENABLE_PREVIEWS = YES;
				GENERATE_INFOPLIST_FILE = YES;
				INFOPLIST_FILE = Devote/Info.plist;
				INFOPLIST_KEY_UIApplicationSceneManifest_Generation = YES;
				INFOPLIST_KEY_UIApplicationSupportsIndirectInputEvents = YES;
				INFOPLIST_KEY_UISupportedInterfaceOrientations = UIInterfaceOrientationPortrait;
				INFOPLIST_KEY_UISupportedInterfaceOrientations_iPad = "UIInterfaceOrientationPortrait UIInterfaceOrientationPortraitUpsideDown UIInterfaceOrientationLandscapeLeft UIInterfaceOrientationLandscapeRight";
				INFOPLIST_KEY_UISupportedInterfaceOrientations_iPhone = "UIInterfaceOrientationPortrait UIInterfaceOrientationLandscapeLeft UIInterfaceOrientationLandscapeRight";
				IPHONEOS_DEPLOYMENT_TARGET = 15.0;
				LD_RUNPATH_SEARCH_PATHS = (
					"$(inherited)",
					"@executable_path/Frameworks",
				);
				MARKETING_VERSION = 1.0;
				PRODUCT_BUNDLE_IDENTIFIER = com.fku.Devote;
				PRODUCT_NAME = "$(TARGET_NAME)";
				SWIFT_EMIT_LOC_STRINGS = YES;
				SWIFT_VERSION = 5.0;
				TARGETED_DEVICE_FAMILY = "1,2";
			};
			name = Debug;
		};
		05940E1C28B3D6CE00E28FC5 /* Release */ = {
			isa = XCBuildConfiguration;
			buildSettings = {
				ASSETCATALOG_COMPILER_APPICON_NAME = AppIcon;
				ASSETCATALOG_COMPILER_GLOBAL_ACCENT_COLOR_NAME = AccentColor;
				CODE_SIGN_STYLE = Automatic;
				CURRENT_PROJECT_VERSION = 1;
				DEVELOPMENT_ASSET_PATHS = "\"Devote/Preview Content\"";
				DEVELOPMENT_TEAM = L2CJ78AL3T;
				ENABLE_PREVIEWS = YES;
				GENERATE_INFOPLIST_FILE = YES;
				INFOPLIST_FILE = Devote/Info.plist;
				INFOPLIST_KEY_UIApplicationSceneManifest_Generation = YES;
				INFOPLIST_KEY_UIApplicationSupportsIndirectInputEvents = YES;
				INFOPLIST_KEY_UISupportedInterfaceOrientations = UIInterfaceOrientationPortrait;
				INFOPLIST_KEY_UISupportedInterfaceOrientations_iPad = "UIInterfaceOrientationPortrait UIInterfaceOrientationPortraitUpsideDown UIInterfaceOrientationLandscapeLeft UIInterfaceOrientationLandscapeRight";
				INFOPLIST_KEY_UISupportedInterfaceOrientations_iPhone = "UIInterfaceOrientationPortrait UIInterfaceOrientationLandscapeLeft UIInterfaceOrientationLandscapeRight";
				IPHONEOS_DEPLOYMENT_TARGET = 15.0;
				LD_RUNPATH_SEARCH_PATHS = (
					"$(inherited)",
					"@executable_path/Frameworks",
				);
				MARKETING_VERSION = 1.0;
				PRODUCT_BUNDLE_IDENTIFIER = com.fku.Devote;
				PRODUCT_NAME = "$(TARGET_NAME)";
				SWIFT_EMIT_LOC_STRINGS = YES;
				SWIFT_VERSION = 5.0;
				TARGETED_DEVICE_FAMILY = "1,2";
			};
			name = Release;
		};
/* End XCBuildConfiguration section */

/* Begin XCConfigurationList section */
		05940E0228B3D6CC00E28FC5 /* Build configuration list for PBXProject "Devote" */ = {
			isa = XCConfigurationList;
			buildConfigurations = (
				05940E1828B3D6CE00E28FC5 /* Debug */,
				05940E1928B3D6CE00E28FC5 /* Release */,
			);
			defaultConfigurationIsVisible = 0;
			defaultConfigurationName = Release;
		};
		05940E1A28B3D6CE00E28FC5 /* Build configuration list for PBXNativeTarget "Devote" */ = {
			isa = XCConfigurationList;
			buildConfigurations = (
				05940E1B28B3D6CE00E28FC5 /* Debug */,
				05940E1C28B3D6CE00E28FC5 /* Release */,
			);
			defaultConfigurationIsVisible = 0;
			defaultConfigurationName = Release;
		};
/* End XCConfigurationList section */

/* Begin XCVersionGroup section */
		05940E1528B3D6CE00E28FC5 /* Devote.xcdatamodeld */ = {
			isa = XCVersionGroup;
			children = (
				05940E1628B3D6CE00E28FC5 /* Devote.xcdatamodel */,
			);
			currentVersion = 05940E1628B3D6CE00E28FC5 /* Devote.xcdatamodel */;
			path = Devote.xcdatamodeld;
			sourceTree = "<group>";
			versionGroupType = wrapper.xcdatamodel;
		};
/* End XCVersionGroup section */
	};
	rootObject = 05940DFF28B3D6CC00E28FC5 /* Project object */;
}
