// !$*UTF8*$!
{
	archiveVersion = 1;
	classes = {
	};
	objectVersion = 55;
	objects = {

/* Begin PBXBuildFile section */
		052F093928B61FEB006E90AD /* sound-tap.mp3 in Resources */ = {isa = PBXBuildFile; fileRef = 052F093628B61FEB006E90AD /* sound-tap.mp3 */; };
		052F093A28B61FEB006E90AD /* sound-ding.mp3 in Resources */ = {isa = PBXBuildFile; fileRef = 052F093728B61FEB006E90AD /* sound-ding.mp3 */; };
		052F093B28B61FEB006E90AD /* sound-rise.mp3 in Resources */ = {isa = PBXBuildFile; fileRef = 052F093828B61FEB006E90AD /* sound-rise.mp3 */; };
		05441B4528C9D2C2007FE4CD /* Assets.xcassets in Resources */ = {isa = PBXBuildFile; fileRef = 05441B4428C9D2C2007FE4CD /* Assets.xcassets */; };
		05441B4B28C9D2C2007FE4CD /* DevoteWatch WatchKit Extension.appex in Embed App Extensions */ = {isa = PBXBuildFile; fileRef = 05441B4A28C9D2C2007FE4CD /* DevoteWatch WatchKit Extension.appex */; settings = {ATTRIBUTES = (RemoveHeadersOnCopy, ); }; };
		05441B5028C9D2C2007FE4CD /* ContentView.swift in Sources */ = {isa = PBXBuildFile; fileRef = 05441B4F28C9D2C2007FE4CD /* ContentView.swift */; };
		05441B5228C9D2C2007FE4CD /* DevoteApp.swift in Sources */ = {isa = PBXBuildFile; fileRef = 05441B5128C9D2C2007FE4CD /* DevoteApp.swift */; };
		05441B5428C9D2C2007FE4CD /* ComplicationController.swift in Sources */ = {isa = PBXBuildFile; fileRef = 05441B5328C9D2C2007FE4CD /* ComplicationController.swift */; };
		05441B5628C9D2C2007FE4CD /* Assets.xcassets in Resources */ = {isa = PBXBuildFile; fileRef = 05441B5528C9D2C2007FE4CD /* Assets.xcassets */; };
		05441B5928C9D2C2007FE4CD /* Preview Assets.xcassets in Resources */ = {isa = PBXBuildFile; fileRef = 05441B5828C9D2C2007FE4CD /* Preview Assets.xcassets */; };
		05441B5D28C9D2C2007FE4CD /* ToFinish.app in Embed Watch Content */ = {isa = PBXBuildFile; fileRef = 05441B4228C9D2C1007FE4CD /* ToFinish.app */; settings = {ATTRIBUTES = (RemoveHeadersOnCopy, ); }; };
		05441B6A28C9D328007FE4CD /* HeaderView.swift in Sources */ = {isa = PBXBuildFile; fileRef = 05441B6928C9D328007FE4CD /* HeaderView.swift */; };
		05441B6C28C9D34B007FE4CD /* Note.swift in Sources */ = {isa = PBXBuildFile; fileRef = 05441B6B28C9D34B007FE4CD /* Note.swift */; };
		05441B7028C9D3B6007FE4CD /* DetailView.swift in Sources */ = {isa = PBXBuildFile; fileRef = 05441B6F28C9D3B6007FE4CD /* DetailView.swift */; };
		05441B7228C9D3CF007FE4CD /* SettingsView.swift in Sources */ = {isa = PBXBuildFile; fileRef = 05441B7128C9D3CF007FE4CD /* SettingsView.swift */; };
		05441B7428C9D3E7007FE4CD /* CreditsView.swift in Sources */ = {isa = PBXBuildFile; fileRef = 05441B7328C9D3E7007FE4CD /* CreditsView.swift */; };
		05441B7528C9D46D007FE4CD /* Notes.xcdatamodeld in Sources */ = {isa = PBXBuildFile; fileRef = 05940E1528B3D6CE00E28FC5 /* Notes.xcdatamodeld */; };
		05441B7628C9D5BE007FE4CD /* Persistence.swift in Sources */ = {isa = PBXBuildFile; fileRef = 05940E1328B3D6CE00E28FC5 /* Persistence.swift */; };
		05441B7928C9D5FD007FE4CD /* CloudKit.framework in Frameworks */ = {isa = PBXBuildFile; fileRef = 05441B7828C9D5FD007FE4CD /* CloudKit.framework */; };
		05441B7C28C9D622007FE4CD /* CloudKit.framework in Frameworks */ = {isa = PBXBuildFile; fileRef = 05441B7B28C9D622007FE4CD /* CloudKit.framework */; };
		05441B7E28C9D94F007FE4CD /* AppDelegateU.swift in Sources */ = {isa = PBXBuildFile; fileRef = 05441B7D28C9D94F007FE4CD /* AppDelegateU.swift */; };
		05441B8528C9F02D007FE4CD /* ListRowItemView.swift in Sources */ = {isa = PBXBuildFile; fileRef = 05441B8428C9F02D007FE4CD /* ListRowItemView.swift */; };
		05441B8828C9F061007FE4CD /* CheckboxStyle.swift in Sources */ = {isa = PBXBuildFile; fileRef = 05441B8728C9F061007FE4CD /* CheckboxStyle.swift */; };
		055C635F28C6212900F22AAC /* HideKeyBoardExtension.swift in Sources */ = {isa = PBXBuildFile; fileRef = 055C635E28C6212900F22AAC /* HideKeyBoardExtension.swift */; };
		055C636128C6245900F22AAC /* BackgroundImageView.swift in Sources */ = {isa = PBXBuildFile; fileRef = 055C636028C6245900F22AAC /* BackgroundImageView.swift */; };
		055C636328C6259700F22AAC /* NewTaskItemView.swift in Sources */ = {isa = PBXBuildFile; fileRef = 055C636228C6259700F22AAC /* NewTaskItemView.swift */; };
		055C636528C6299900F22AAC /* BlankView.swift in Sources */ = {isa = PBXBuildFile; fileRef = 055C636428C6299900F22AAC /* BlankView.swift */; };
		055C636728C6337D00F22AAC /* ListRowItemView.swift in Sources */ = {isa = PBXBuildFile; fileRef = 055C636628C6337D00F22AAC /* ListRowItemView.swift */; };
		055C636928C635CE00F22AAC /* CheckboxStyle.swift in Sources */ = {isa = PBXBuildFile; fileRef = 055C636828C635CE00F22AAC /* CheckboxStyle.swift */; };
		055C636B28C63AAF00F22AAC /* SoundPlayer.swift in Sources */ = {isa = PBXBuildFile; fileRef = 055C636A28C63AAF00F22AAC /* SoundPlayer.swift */; };
		055C637328C63D2200F22AAC /* WidgetKit.framework in Frameworks */ = {isa = PBXBuildFile; fileRef = 055C637228C63D2200F22AAC /* WidgetKit.framework */; };
		055C637528C63D2200F22AAC /* SwiftUI.framework in Frameworks */ = {isa = PBXBuildFile; fileRef = 055C637428C63D2200F22AAC /* SwiftUI.framework */; };
		055C637828C63D2200F22AAC /* DevoteWidget.swift in Sources */ = {isa = PBXBuildFile; fileRef = 055C637728C63D2200F22AAC /* DevoteWidget.swift */; };
		055C637A28C63D2400F22AAC /* Assets.xcassets in Resources */ = {isa = PBXBuildFile; fileRef = 055C637928C63D2400F22AAC /* Assets.xcassets */; };
		055C637E28C63D2400F22AAC /* DevoteWidgetExtension.appex in Embed App Extensions */ = {isa = PBXBuildFile; fileRef = 055C637028C63D2200F22AAC /* DevoteWidgetExtension.appex */; settings = {ATTRIBUTES = (RemoveHeadersOnCopy, ); }; };
		055C638328C7397500F22AAC /* Assets.xcassets in Resources */ = {isa = PBXBuildFile; fileRef = 05940E0E28B3D6CE00E28FC5 /* Assets.xcassets */; };
		055C638428C73A0400F22AAC /* Constant.swift in Sources */ = {isa = PBXBuildFile; fileRef = 0572690828C233780027D221 /* Constant.swift */; };
		0572690928C233780027D221 /* Constant.swift in Sources */ = {isa = PBXBuildFile; fileRef = 0572690828C233780027D221 /* Constant.swift */; };
		05940E0B28B3D6CC00E28FC5 /* DevoteApp.swift in Sources */ = {isa = PBXBuildFile; fileRef = 05940E0A28B3D6CC00E28FC5 /* DevoteApp.swift */; };
		05940E0D28B3D6CC00E28FC5 /* ContentView.swift in Sources */ = {isa = PBXBuildFile; fileRef = 05940E0C28B3D6CC00E28FC5 /* ContentView.swift */; };
		05940E0F28B3D6CE00E28FC5 /* Assets.xcassets in Resources */ = {isa = PBXBuildFile; fileRef = 05940E0E28B3D6CE00E28FC5 /* Assets.xcassets */; };
		05940E1228B3D6CE00E28FC5 /* Preview Assets.xcassets in Resources */ = {isa = PBXBuildFile; fileRef = 05940E1128B3D6CE00E28FC5 /* Preview Assets.xcassets */; };
		05940E1428B3D6CE00E28FC5 /* Persistence.swift in Sources */ = {isa = PBXBuildFile; fileRef = 05940E1328B3D6CE00E28FC5 /* Persistence.swift */; };
		05940E1728B3D6CE00E28FC5 /* Notes.xcdatamodeld in Sources */ = {isa = PBXBuildFile; fileRef = 05940E1528B3D6CE00E28FC5 /* Notes.xcdatamodeld */; };
/* End PBXBuildFile section */

/* Begin PBXContainerItemProxy section */
		05441B4C28C9D2C2007FE4CD /* PBXContainerItemProxy */ = {
			isa = PBXContainerItemProxy;
			containerPortal = 05940DFF28B3D6CC00E28FC5 /* Project object */;
			proxyType = 1;
			remoteGlobalIDString = 05441B4928C9D2C2007FE4CD;
			remoteInfo = "DevoteWatch WatchKit Extension";
		};
		05441B5B28C9D2C2007FE4CD /* PBXContainerItemProxy */ = {
			isa = PBXContainerItemProxy;
			containerPortal = 05940DFF28B3D6CC00E28FC5 /* Project object */;
			proxyType = 1;
			remoteGlobalIDString = 05441B4128C9D2C1007FE4CD;
			remoteInfo = DevoteWatch;
		};
		055C637C28C63D2400F22AAC /* PBXContainerItemProxy */ = {
			isa = PBXContainerItemProxy;
			containerPortal = 05940DFF28B3D6CC00E28FC5 /* Project object */;
			proxyType = 1;
			remoteGlobalIDString = 055C636F28C63D2200F22AAC;
			remoteInfo = DevoteWidgetExtension;
		};
/* End PBXContainerItemProxy section */

/* Begin PBXCopyFilesBuildPhase section */
		05441B5E28C9D2C2007FE4CD /* Embed Watch Content */ = {
			isa = PBXCopyFilesBuildPhase;
			buildActionMask = 2147483647;
			dstPath = "$(CONTENTS_FOLDER_PATH)/Watch";
			dstSubfolderSpec = 16;
			files = (
				05441B5D28C9D2C2007FE4CD /* ToFinish.app in Embed Watch Content */,
			);
			name = "Embed Watch Content";
			runOnlyForDeploymentPostprocessing = 0;
		};
		05441B6128C9D2C2007FE4CD /* Embed App Extensions */ = {
			isa = PBXCopyFilesBuildPhase;
			buildActionMask = 2147483647;
			dstPath = "";
			dstSubfolderSpec = 13;
			files = (
				05441B4B28C9D2C2007FE4CD /* DevoteWatch WatchKit Extension.appex in Embed App Extensions */,
			);
			name = "Embed App Extensions";
			runOnlyForDeploymentPostprocessing = 0;
		};
		055C638228C63D2400F22AAC /* Embed App Extensions */ = {
			isa = PBXCopyFilesBuildPhase;
			buildActionMask = 2147483647;
			dstPath = "";
			dstSubfolderSpec = 13;
			files = (
				055C637E28C63D2400F22AAC /* DevoteWidgetExtension.appex in Embed App Extensions */,
			);
			name = "Embed App Extensions";
			runOnlyForDeploymentPostprocessing = 0;
		};
/* End PBXCopyFilesBuildPhase section */

/* Begin PBXFileReference section */
		052F093628B61FEB006E90AD /* sound-tap.mp3 */ = {isa = PBXFileReference; lastKnownFileType = audio.mp3; path = "sound-tap.mp3"; sourceTree = "<group>"; };
		052F093728B61FEB006E90AD /* sound-ding.mp3 */ = {isa = PBXFileReference; lastKnownFileType = audio.mp3; path = "sound-ding.mp3"; sourceTree = "<group>"; };
		052F093828B61FEB006E90AD /* sound-rise.mp3 */ = {isa = PBXFileReference; lastKnownFileType = audio.mp3; path = "sound-rise.mp3"; sourceTree = "<group>"; };
		052F094228B62082006E90AD /* Info.plist */ = {isa = PBXFileReference; lastKnownFileType = text.plist; path = Info.plist; sourceTree = "<group>"; };
		05441B4228C9D2C1007FE4CD /* ToFinish.app */ = {isa = PBXFileReference; explicitFileType = wrapper.application; includeInIndex = 0; path = ToFinish.app; sourceTree = BUILT_PRODUCTS_DIR; };
		05441B4428C9D2C2007FE4CD /* Assets.xcassets */ = {isa = PBXFileReference; lastKnownFileType = folder.assetcatalog; path = Assets.xcassets; sourceTree = "<group>"; };
		05441B4A28C9D2C2007FE4CD /* DevoteWatch WatchKit Extension.appex */ = {isa = PBXFileReference; explicitFileType = "wrapper.app-extension"; includeInIndex = 0; path = "DevoteWatch WatchKit Extension.appex"; sourceTree = BUILT_PRODUCTS_DIR; };
		05441B4F28C9D2C2007FE4CD /* ContentView.swift */ = {isa = PBXFileReference; lastKnownFileType = sourcecode.swift; path = ContentView.swift; sourceTree = "<group>"; };
		05441B5128C9D2C2007FE4CD /* DevoteApp.swift */ = {isa = PBXFileReference; lastKnownFileType = sourcecode.swift; path = DevoteApp.swift; sourceTree = "<group>"; };
		05441B5328C9D2C2007FE4CD /* ComplicationController.swift */ = {isa = PBXFileReference; lastKnownFileType = sourcecode.swift; path = ComplicationController.swift; sourceTree = "<group>"; };
		05441B5528C9D2C2007FE4CD /* Assets.xcassets */ = {isa = PBXFileReference; lastKnownFileType = folder.assetcatalog; path = Assets.xcassets; sourceTree = "<group>"; };
		05441B5828C9D2C2007FE4CD /* Preview Assets.xcassets */ = {isa = PBXFileReference; lastKnownFileType = folder.assetcatalog; path = "Preview Assets.xcassets"; sourceTree = "<group>"; };
		05441B5A28C9D2C2007FE4CD /* Info.plist */ = {isa = PBXFileReference; lastKnownFileType = text.plist.xml; path = Info.plist; sourceTree = "<group>"; };
		05441B6928C9D328007FE4CD /* HeaderView.swift */ = {isa = PBXFileReference; lastKnownFileType = sourcecode.swift; path = HeaderView.swift; sourceTree = "<group>"; };
		05441B6B28C9D34B007FE4CD /* Note.swift */ = {isa = PBXFileReference; lastKnownFileType = sourcecode.swift; path = Note.swift; sourceTree = "<group>"; };
		05441B6F28C9D3B6007FE4CD /* DetailView.swift */ = {isa = PBXFileReference; lastKnownFileType = sourcecode.swift; path = DetailView.swift; sourceTree = "<group>"; };
		05441B7128C9D3CF007FE4CD /* SettingsView.swift */ = {isa = PBXFileReference; lastKnownFileType = sourcecode.swift; path = SettingsView.swift; sourceTree = "<group>"; };
		05441B7328C9D3E7007FE4CD /* CreditsView.swift */ = {isa = PBXFileReference; lastKnownFileType = sourcecode.swift; path = CreditsView.swift; sourceTree = "<group>"; };
		05441B7728C9D5DF007FE4CD /* DevoteWatch WatchKit Extension.entitlements */ = {isa = PBXFileReference; lastKnownFileType = text.plist.entitlements; path = "DevoteWatch WatchKit Extension.entitlements"; sourceTree = "<group>"; };
		05441B7828C9D5FD007FE4CD /* CloudKit.framework */ = {isa = PBXFileReference; lastKnownFileType = wrapper.framework; name = CloudKit.framework; path = Platforms/WatchOS.platform/Developer/SDKs/WatchOS8.5.sdk/System/Library/Frameworks/CloudKit.framework; sourceTree = DEVELOPER_DIR; };
		05441B7A28C9D61E007FE4CD /* Devote.entitlements */ = {isa = PBXFileReference; lastKnownFileType = text.plist.entitlements; path = Devote.entitlements; sourceTree = "<group>"; };
		05441B7B28C9D622007FE4CD /* CloudKit.framework */ = {isa = PBXFileReference; lastKnownFileType = wrapper.framework; name = CloudKit.framework; path = System/Library/Frameworks/CloudKit.framework; sourceTree = SDKROOT; };
		05441B7D28C9D94F007FE4CD /* AppDelegateU.swift */ = {isa = PBXFileReference; lastKnownFileType = sourcecode.swift; path = AppDelegateU.swift; sourceTree = "<group>"; };
		05441B8428C9F02D007FE4CD /* ListRowItemView.swift */ = {isa = PBXFileReference; lastKnownFileType = sourcecode.swift; path = ListRowItemView.swift; sourceTree = "<group>"; };
		05441B8728C9F061007FE4CD /* CheckboxStyle.swift */ = {isa = PBXFileReference; lastKnownFileType = sourcecode.swift; path = CheckboxStyle.swift; sourceTree = "<group>"; };
		055C635E28C6212900F22AAC /* HideKeyBoardExtension.swift */ = {isa = PBXFileReference; lastKnownFileType = sourcecode.swift; path = HideKeyBoardExtension.swift; sourceTree = "<group>"; };
		055C636028C6245900F22AAC /* BackgroundImageView.swift */ = {isa = PBXFileReference; lastKnownFileType = sourcecode.swift; path = BackgroundImageView.swift; sourceTree = "<group>"; };
		055C636228C6259700F22AAC /* NewTaskItemView.swift */ = {isa = PBXFileReference; lastKnownFileType = sourcecode.swift; path = NewTaskItemView.swift; sourceTree = "<group>"; };
		055C636428C6299900F22AAC /* BlankView.swift */ = {isa = PBXFileReference; lastKnownFileType = sourcecode.swift; path = BlankView.swift; sourceTree = "<group>"; };
		055C636628C6337D00F22AAC /* ListRowItemView.swift */ = {isa = PBXFileReference; lastKnownFileType = sourcecode.swift; path = ListRowItemView.swift; sourceTree = "<group>"; };
		055C636828C635CE00F22AAC /* CheckboxStyle.swift */ = {isa = PBXFileReference; lastKnownFileType = sourcecode.swift; path = CheckboxStyle.swift; sourceTree = "<group>"; };
		055C636A28C63AAF00F22AAC /* SoundPlayer.swift */ = {isa = PBXFileReference; lastKnownFileType = sourcecode.swift; path = SoundPlayer.swift; sourceTree = "<group>"; };
		055C637028C63D2200F22AAC /* DevoteWidgetExtension.appex */ = {isa = PBXFileReference; explicitFileType = "wrapper.app-extension"; includeInIndex = 0; path = DevoteWidgetExtension.appex; sourceTree = BUILT_PRODUCTS_DIR; };
		055C637228C63D2200F22AAC /* WidgetKit.framework */ = {isa = PBXFileReference; lastKnownFileType = wrapper.framework; name = WidgetKit.framework; path = System/Library/Frameworks/WidgetKit.framework; sourceTree = SDKROOT; };
		055C637428C63D2200F22AAC /* SwiftUI.framework */ = {isa = PBXFileReference; lastKnownFileType = wrapper.framework; name = SwiftUI.framework; path = System/Library/Frameworks/SwiftUI.framework; sourceTree = SDKROOT; };
		055C637728C63D2200F22AAC /* DevoteWidget.swift */ = {isa = PBXFileReference; lastKnownFileType = sourcecode.swift; path = DevoteWidget.swift; sourceTree = "<group>"; };
		055C637928C63D2400F22AAC /* Assets.xcassets */ = {isa = PBXFileReference; lastKnownFileType = folder.assetcatalog; path = Assets.xcassets; sourceTree = "<group>"; };
		055C637B28C63D2400F22AAC /* Info.plist */ = {isa = PBXFileReference; lastKnownFileType = text.plist.xml; path = Info.plist; sourceTree = "<group>"; };
		0572690828C233780027D221 /* Constant.swift */ = {isa = PBXFileReference; lastKnownFileType = sourcecode.swift; path = Constant.swift; sourceTree = "<group>"; };
		05940E0728B3D6CC00E28FC5 /* Devote.app */ = {isa = PBXFileReference; explicitFileType = wrapper.application; includeInIndex = 0; path = Devote.app; sourceTree = BUILT_PRODUCTS_DIR; };
		05940E0A28B3D6CC00E28FC5 /* DevoteApp.swift */ = {isa = PBXFileReference; lastKnownFileType = sourcecode.swift; path = DevoteApp.swift; sourceTree = "<group>"; };
		05940E0C28B3D6CC00E28FC5 /* ContentView.swift */ = {isa = PBXFileReference; lastKnownFileType = sourcecode.swift; path = ContentView.swift; sourceTree = "<group>"; };
		05940E0E28B3D6CE00E28FC5 /* Assets.xcassets */ = {isa = PBXFileReference; lastKnownFileType = folder.assetcatalog; path = Assets.xcassets; sourceTree = "<group>"; };
		05940E1128B3D6CE00E28FC5 /* Preview Assets.xcassets */ = {isa = PBXFileReference; lastKnownFileType = folder.assetcatalog; path = "Preview Assets.xcassets"; sourceTree = "<group>"; };
		05940E1328B3D6CE00E28FC5 /* Persistence.swift */ = {isa = PBXFileReference; lastKnownFileType = sourcecode.swift; path = Persistence.swift; sourceTree = "<group>"; };
		05940E1628B3D6CE00E28FC5 /* Devote.xcdatamodel */ = {isa = PBXFileReference; lastKnownFileType = wrapper.xcdatamodel; path = Devote.xcdatamodel; sourceTree = "<group>"; };
/* End PBXFileReference section */

/* Begin PBXFrameworksBuildPhase section */
		05441B4728C9D2C2007FE4CD /* Frameworks */ = {
			isa = PBXFrameworksBuildPhase;
			buildActionMask = 2147483647;
			files = (
				05441B7928C9D5FD007FE4CD /* CloudKit.framework in Frameworks */,
			);
			runOnlyForDeploymentPostprocessing = 0;
		};
		055C636D28C63D2200F22AAC /* Frameworks */ = {
			isa = PBXFrameworksBuildPhase;
			buildActionMask = 2147483647;
			files = (
				055C637528C63D2200F22AAC /* SwiftUI.framework in Frameworks */,
				055C637328C63D2200F22AAC /* WidgetKit.framework in Frameworks */,
			);
			runOnlyForDeploymentPostprocessing = 0;
		};
		05940E0428B3D6CC00E28FC5 /* Frameworks */ = {
			isa = PBXFrameworksBuildPhase;
			buildActionMask = 2147483647;
			files = (
				05441B7C28C9D622007FE4CD /* CloudKit.framework in Frameworks */,
			);
			runOnlyForDeploymentPostprocessing = 0;
		};
/* End PBXFrameworksBuildPhase section */

/* Begin PBXGroup section */
		052F093C28B6200E006E90AD /* Sound */ = {
			isa = PBXGroup;
			children = (
				052F093728B61FEB006E90AD /* sound-ding.mp3 */,
				052F093828B61FEB006E90AD /* sound-rise.mp3 */,
				052F093628B61FEB006E90AD /* sound-tap.mp3 */,
			);
			path = Sound;
			sourceTree = "<group>";
		};
		052F093D28B62017006E90AD /* View */ = {
			isa = PBXGroup;
			children = (
				05940E0C28B3D6CC00E28FC5 /* ContentView.swift */,
				055C636028C6245900F22AAC /* BackgroundImageView.swift */,
				055C636228C6259700F22AAC /* NewTaskItemView.swift */,
				055C636428C6299900F22AAC /* BlankView.swift */,
				055C636628C6337D00F22AAC /* ListRowItemView.swift */,
			);
			path = View;
			sourceTree = "<group>";
		};
		052F093E28B6201F006E90AD /* Extension */ = {
			isa = PBXGroup;
			children = (
				055C635E28C6212900F22AAC /* HideKeyBoardExtension.swift */,
			);
			path = Extension;
			sourceTree = "<group>";
		};
		052F093F28B62025006E90AD /* Utility */ = {
			isa = PBXGroup;
			children = (
				0572690828C233780027D221 /* Constant.swift */,
				055C636A28C63AAF00F22AAC /* SoundPlayer.swift */,
			);
			path = Utility;
			sourceTree = "<group>";
		};
		052F094028B6202D006E90AD /* Style */ = {
			isa = PBXGroup;
			children = (
				055C636828C635CE00F22AAC /* CheckboxStyle.swift */,
			);
			path = Style;
			sourceTree = "<group>";
		};
		052F094128B6203B006E90AD /* Model */ = {
			isa = PBXGroup;
			children = (
				05940E1328B3D6CE00E28FC5 /* Persistence.swift */,
				05940E1528B3D6CE00E28FC5 /* Notes.xcdatamodeld */,
			);
			path = Model;
			sourceTree = "<group>";
		};
		05441B4328C9D2C1007FE4CD /* DevoteWatch */ = {
			isa = PBXGroup;
			children = (
				05441B4428C9D2C2007FE4CD /* Assets.xcassets */,
			);
			path = DevoteWatch;
			sourceTree = "<group>";
		};
		05441B4E28C9D2C2007FE4CD /* DevoteWatch WatchKit Extension */ = {
			isa = PBXGroup;
			children = (
				05441B8628C9F04B007FE4CD /* Style */,
				05441B7728C9D5DF007FE4CD /* DevoteWatch WatchKit Extension.entitlements */,
				05441B6828C9D30E007FE4CD /* Model */,
				05441B6728C9D302007FE4CD /* Component */,
				05441B6628C9D2F8007FE4CD /* View */,
				05441B5128C9D2C2007FE4CD /* DevoteApp.swift */,
				05441B5328C9D2C2007FE4CD /* ComplicationController.swift */,
				05441B5528C9D2C2007FE4CD /* Assets.xcassets */,
				05441B5A28C9D2C2007FE4CD /* Info.plist */,
				05441B5728C9D2C2007FE4CD /* Preview Content */,
			);
			path = "DevoteWatch WatchKit Extension";
			sourceTree = "<group>";
		};
		05441B5728C9D2C2007FE4CD /* Preview Content */ = {
			isa = PBXGroup;
			children = (
				05441B5828C9D2C2007FE4CD /* Preview Assets.xcassets */,
			);
			path = "Preview Content";
			sourceTree = "<group>";
		};
		05441B6628C9D2F8007FE4CD /* View */ = {
			isa = PBXGroup;
			children = (
				05441B4F28C9D2C2007FE4CD /* ContentView.swift */,
				05441B6F28C9D3B6007FE4CD /* DetailView.swift */,
				05441B7128C9D3CF007FE4CD /* SettingsView.swift */,
				05441B7328C9D3E7007FE4CD /* CreditsView.swift */,
				05441B8428C9F02D007FE4CD /* ListRowItemView.swift */,
			);
			path = View;
			sourceTree = "<group>";
		};
		05441B6728C9D302007FE4CD /* Component */ = {
			isa = PBXGroup;
			children = (
				05441B6928C9D328007FE4CD /* HeaderView.swift */,
			);
			path = Component;
			sourceTree = "<group>";
		};
		05441B6828C9D30E007FE4CD /* Model */ = {
			isa = PBXGroup;
			children = (
				05441B6B28C9D34B007FE4CD /* Note.swift */,
			);
			path = Model;
			sourceTree = "<group>";
		};
		05441B8628C9F04B007FE4CD /* Style */ = {
			isa = PBXGroup;
			children = (
				05441B8728C9F061007FE4CD /* CheckboxStyle.swift */,
			);
			path = Style;
			sourceTree = "<group>";
		};
		055C637128C63D2200F22AAC /* Frameworks */ = {
			isa = PBXGroup;
			children = (
				05441B7B28C9D622007FE4CD /* CloudKit.framework */,
				05441B7828C9D5FD007FE4CD /* CloudKit.framework */,
				055C637228C63D2200F22AAC /* WidgetKit.framework */,
				055C637428C63D2200F22AAC /* SwiftUI.framework */,
			);
			name = Frameworks;
			sourceTree = "<group>";
		};
		055C637628C63D2200F22AAC /* DevoteWidget */ = {
			isa = PBXGroup;
			children = (
				055C637728C63D2200F22AAC /* DevoteWidget.swift */,
				055C637928C63D2400F22AAC /* Assets.xcassets */,
				055C637B28C63D2400F22AAC /* Info.plist */,
			);
			path = DevoteWidget;
			sourceTree = "<group>";
		};
		05940DFE28B3D6CC00E28FC5 = {
			isa = PBXGroup;
			children = (
				05940E0928B3D6CC00E28FC5 /* Devote */,
				055C637628C63D2200F22AAC /* DevoteWidget */,
				05441B4328C9D2C1007FE4CD /* DevoteWatch */,
				05441B4E28C9D2C2007FE4CD /* DevoteWatch WatchKit Extension */,
				055C637128C63D2200F22AAC /* Frameworks */,
				05940E0828B3D6CC00E28FC5 /* Products */,
			);
			sourceTree = "<group>";
		};
		05940E0828B3D6CC00E28FC5 /* Products */ = {
			isa = PBXGroup;
			children = (
				05940E0728B3D6CC00E28FC5 /* Devote.app */,
				055C637028C63D2200F22AAC /* DevoteWidgetExtension.appex */,
				05441B4228C9D2C1007FE4CD /* ToFinish.app */,
				05441B4A28C9D2C2007FE4CD /* DevoteWatch WatchKit Extension.appex */,
			);
			name = Products;
			sourceTree = "<group>";
		};
		05940E0928B3D6CC00E28FC5 /* Devote */ = {
			isa = PBXGroup;
			children = (
				05441B7A28C9D61E007FE4CD /* Devote.entitlements */,
				05940E0E28B3D6CE00E28FC5 /* Assets.xcassets */,
				05940E0A28B3D6CC00E28FC5 /* DevoteApp.swift */,
				052F094228B62082006E90AD /* Info.plist */,
				052F094028B6202D006E90AD /* Style */,
				052F093F28B62025006E90AD /* Utility */,
				052F093E28B6201F006E90AD /* Extension */,
				052F093D28B62017006E90AD /* View */,
				052F094128B6203B006E90AD /* Model */,
				052F093C28B6200E006E90AD /* Sound */,
				05940E1028B3D6CE00E28FC5 /* Preview Content */,
				05441B7D28C9D94F007FE4CD /* AppDelegateU.swift */,
			);
			path = Devote;
			sourceTree = "<group>";
		};
		05940E1028B3D6CE00E28FC5 /* Preview Content */ = {
			isa = PBXGroup;
			children = (
				05940E1128B3D6CE00E28FC5 /* Preview Assets.xcassets */,
			);
			path = "Preview Content";
			sourceTree = "<group>";
		};
/* End PBXGroup section */

/* Begin PBXNativeTarget section */
		05441B4128C9D2C1007FE4CD /* DevoteWatch */ = {
			isa = PBXNativeTarget;
			buildConfigurationList = 05441B6528C9D2C2007FE4CD /* Build configuration list for PBXNativeTarget "DevoteWatch" */;
			buildPhases = (
				05441B4028C9D2C1007FE4CD /* Resources */,
				05441B6128C9D2C2007FE4CD /* Embed App Extensions */,
			);
			buildRules = (
			);
			dependencies = (
				05441B4D28C9D2C2007FE4CD /* PBXTargetDependency */,
			);
			name = DevoteWatch;
			productName = DevoteWatch;
			productReference = 05441B4228C9D2C1007FE4CD /* ToFinish.app */;
			productType = "com.apple.product-type.application.watchapp2";
		};
		05441B4928C9D2C2007FE4CD /* DevoteWatch WatchKit Extension */ = {
			isa = PBXNativeTarget;
			buildConfigurationList = 05441B6428C9D2C2007FE4CD /* Build configuration list for PBXNativeTarget "DevoteWatch WatchKit Extension" */;
			buildPhases = (
				05441B4628C9D2C2007FE4CD /* Sources */,
				05441B4728C9D2C2007FE4CD /* Frameworks */,
				05441B4828C9D2C2007FE4CD /* Resources */,
			);
			buildRules = (
			);
			dependencies = (
			);
			name = "DevoteWatch WatchKit Extension";
			productName = "DevoteWatch WatchKit Extension";
			productReference = 05441B4A28C9D2C2007FE4CD /* DevoteWatch WatchKit Extension.appex */;
			productType = "com.apple.product-type.watchkit2-extension";
		};
		055C636F28C63D2200F22AAC /* DevoteWidgetExtension */ = {
			isa = PBXNativeTarget;
			buildConfigurationList = 055C637F28C63D2400F22AAC /* Build configuration list for PBXNativeTarget "DevoteWidgetExtension" */;
			buildPhases = (
				055C636C28C63D2200F22AAC /* Sources */,
				055C636D28C63D2200F22AAC /* Frameworks */,
				055C636E28C63D2200F22AAC /* Resources */,
			);
			buildRules = (
			);
			dependencies = (
			);
			name = DevoteWidgetExtension;
			productName = DevoteWidgetExtension;
			productReference = 055C637028C63D2200F22AAC /* DevoteWidgetExtension.appex */;
			productType = "com.apple.product-type.app-extension";
		};
		05940E0628B3D6CC00E28FC5 /* Devote */ = {
			isa = PBXNativeTarget;
			buildConfigurationList = 05940E1A28B3D6CE00E28FC5 /* Build configuration list for PBXNativeTarget "Devote" */;
			buildPhases = (
				05940E0328B3D6CC00E28FC5 /* Sources */,
				05940E0428B3D6CC00E28FC5 /* Frameworks */,
				05940E0528B3D6CC00E28FC5 /* Resources */,
				055C638228C63D2400F22AAC /* Embed App Extensions */,
				05441B5E28C9D2C2007FE4CD /* Embed Watch Content */,
			);
			buildRules = (
			);
			dependencies = (
				055C637D28C63D2400F22AAC /* PBXTargetDependency */,
				05441B5C28C9D2C2007FE4CD /* PBXTargetDependency */,
			);
			name = Devote;
			productName = Devote;
			productReference = 05940E0728B3D6CC00E28FC5 /* Devote.app */;
			productType = "com.apple.product-type.application";
		};
/* End PBXNativeTarget section */

/* Begin PBXProject section */
		05940DFF28B3D6CC00E28FC5 /* Project object */ = {
			isa = PBXProject;
			attributes = {
				BuildIndependentTargetsInParallel = 1;
				LastSwiftUpdateCheck = 1340;
				LastUpgradeCheck = 1340;
				TargetAttributes = {
					05441B4128C9D2C1007FE4CD = {
						CreatedOnToolsVersion = 13.4.1;
					};
					05441B4928C9D2C2007FE4CD = {
						CreatedOnToolsVersion = 13.4.1;
					};
					055C636F28C63D2200F22AAC = {
						CreatedOnToolsVersion = 13.4.1;
					};
					05940E0628B3D6CC00E28FC5 = {
						CreatedOnToolsVersion = 13.4.1;
					};
				};
			};
			buildConfigurationList = 05940E0228B3D6CC00E28FC5 /* Build configuration list for PBXProject "Devote" */;
			compatibilityVersion = "Xcode 13.0";
			developmentRegion = en;
			hasScannedForEncodings = 0;
			knownRegions = (
				en,
				Base,
			);
			mainGroup = 05940DFE28B3D6CC00E28FC5;
			productRefGroup = 05940E0828B3D6CC00E28FC5 /* Products */;
			projectDirPath = "";
			projectRoot = "";
			targets = (
				05940E0628B3D6CC00E28FC5 /* Devote */,
				055C636F28C63D2200F22AAC /* DevoteWidgetExtension */,
				05441B4128C9D2C1007FE4CD /* DevoteWatch */,
				05441B4928C9D2C2007FE4CD /* DevoteWatch WatchKit Extension */,
			);
		};
/* End PBXProject section */

/* Begin PBXResourcesBuildPhase section */
		05441B4028C9D2C1007FE4CD /* Resources */ = {
			isa = PBXResourcesBuildPhase;
			buildActionMask = 2147483647;
			files = (
				05441B4528C9D2C2007FE4CD /* Assets.xcassets in Resources */,
			);
			runOnlyForDeploymentPostprocessing = 0;
		};
		05441B4828C9D2C2007FE4CD /* Resources */ = {
			isa = PBXResourcesBuildPhase;
			buildActionMask = 2147483647;
			files = (
				05441B5928C9D2C2007FE4CD /* Preview Assets.xcassets in Resources */,
				05441B5628C9D2C2007FE4CD /* Assets.xcassets in Resources */,
			);
			runOnlyForDeploymentPostprocessing = 0;
		};
		055C636E28C63D2200F22AAC /* Resources */ = {
			isa = PBXResourcesBuildPhase;
			buildActionMask = 2147483647;
			files = (
				055C638328C7397500F22AAC /* Assets.xcassets in Resources */,
				055C637A28C63D2400F22AAC /* Assets.xcassets in Resources */,
			);
			runOnlyForDeploymentPostprocessing = 0;
		};
		05940E0528B3D6CC00E28FC5 /* Resources */ = {
			isa = PBXResourcesBuildPhase;
			buildActionMask = 2147483647;
			files = (
				052F093B28B61FEB006E90AD /* sound-rise.mp3 in Resources */,
				052F093A28B61FEB006E90AD /* sound-ding.mp3 in Resources */,
				052F093928B61FEB006E90AD /* sound-tap.mp3 in Resources */,
				05940E1228B3D6CE00E28FC5 /* Preview Assets.xcassets in Resources */,
				05940E0F28B3D6CE00E28FC5 /* Assets.xcassets in Resources */,
			);
			runOnlyForDeploymentPostprocessing = 0;
		};
/* End PBXResourcesBuildPhase section */

/* Begin PBXSourcesBuildPhase section */
		05441B4628C9D2C2007FE4CD /* Sources */ = {
			isa = PBXSourcesBuildPhase;
			buildActionMask = 2147483647;
			files = (
				05441B7228C9D3CF007FE4CD /* SettingsView.swift in Sources */,
				05441B6C28C9D34B007FE4CD /* Note.swift in Sources */,
				05441B7028C9D3B6007FE4CD /* DetailView.swift in Sources */,
				05441B5228C9D2C2007FE4CD /* DevoteApp.swift in Sources */,
				05441B5028C9D2C2007FE4CD /* ContentView.swift in Sources */,
				05441B7428C9D3E7007FE4CD /* CreditsView.swift in Sources */,
				05441B5428C9D2C2007FE4CD /* ComplicationController.swift in Sources */,
				05441B8528C9F02D007FE4CD /* ListRowItemView.swift in Sources */,
				05441B7528C9D46D007FE4CD /* Notes.xcdatamodeld in Sources */,
				05441B6A28C9D328007FE4CD /* HeaderView.swift in Sources */,
				05441B8828C9F061007FE4CD /* CheckboxStyle.swift in Sources */,
				05441B7628C9D5BE007FE4CD /* Persistence.swift in Sources */,
			);
			runOnlyForDeploymentPostprocessing = 0;
		};
		055C636C28C63D2200F22AAC /* Sources */ = {
			isa = PBXSourcesBuildPhase;
			buildActionMask = 2147483647;
			files = (
				055C637828C63D2200F22AAC /* DevoteWidget.swift in Sources */,
				055C638428C73A0400F22AAC /* Constant.swift in Sources */,
			);
			runOnlyForDeploymentPostprocessing = 0;
		};
		05940E0328B3D6CC00E28FC5 /* Sources */ = {
			isa = PBXSourcesBuildPhase;
			buildActionMask = 2147483647;
			files = (
				055C635F28C6212900F22AAC /* HideKeyBoardExtension.swift in Sources */,
				055C636128C6245900F22AAC /* BackgroundImageView.swift in Sources */,
				05940E1428B3D6CE00E28FC5 /* Persistence.swift in Sources */,
				05940E0D28B3D6CC00E28FC5 /* ContentView.swift in Sources */,
				055C636528C6299900F22AAC /* BlankView.swift in Sources */,
				0572690928C233780027D221 /* Constant.swift in Sources */,
				055C636728C6337D00F22AAC /* ListRowItemView.swift in Sources */,
				05940E1728B3D6CE00E28FC5 /* Notes.xcdatamodeld in Sources */,
				05940E0B28B3D6CC00E28FC5 /* DevoteApp.swift in Sources */,
				05441B7E28C9D94F007FE4CD /* AppDelegateU.swift in Sources */,
				055C636928C635CE00F22AAC /* CheckboxStyle.swift in Sources */,
				055C636B28C63AAF00F22AAC /* SoundPlayer.swift in Sources */,
				055C636328C6259700F22AAC /* NewTaskItemView.swift in Sources */,
			);
			runOnlyForDeploymentPostprocessing = 0;
		};
/* End PBXSourcesBuildPhase section */

/* Begin PBXTargetDependency section */
		05441B4D28C9D2C2007FE4CD /* PBXTargetDependency */ = {
			isa = PBXTargetDependency;
			target = 05441B4928C9D2C2007FE4CD /* DevoteWatch WatchKit Extension */;
			targetProxy = 05441B4C28C9D2C2007FE4CD /* PBXContainerItemProxy */;
		};
		05441B5C28C9D2C2007FE4CD /* PBXTargetDependency */ = {
			isa = PBXTargetDependency;
			target = 05441B4128C9D2C1007FE4CD /* DevoteWatch */;
			targetProxy = 05441B5B28C9D2C2007FE4CD /* PBXContainerItemProxy */;
		};
		055C637D28C63D2400F22AAC /* PBXTargetDependency */ = {
			isa = PBXTargetDependency;
			target = 055C636F28C63D2200F22AAC /* DevoteWidgetExtension */;
			targetProxy = 055C637C28C63D2400F22AAC /* PBXContainerItemProxy */;
		};
/* End PBXTargetDependency section */

/* Begin XCBuildConfiguration section */
		05441B5F28C9D2C2007FE4CD /* Debug */ = {
			isa = XCBuildConfiguration;
			buildSettings = {
				ALWAYS_EMBED_SWIFT_STANDARD_LIBRARIES = YES;
				ASSETCATALOG_COMPILER_APPICON_NAME = AppIcon;
				ASSETCATALOG_COMPILER_GLOBAL_ACCENT_COLOR_NAME = AccentColor;
				CODE_SIGN_STYLE = Automatic;
				CURRENT_PROJECT_VERSION = 1;
				DEVELOPMENT_TEAM = L2CJ78AL3T;
				GENERATE_INFOPLIST_FILE = YES;
				IBSC_MODULE = DevoteWatch_WatchKit_Extension;
				INFOPLIST_KEY_UISupportedInterfaceOrientations = "UIInterfaceOrientationPortrait UIInterfaceOrientationPortraitUpsideDown";
				INFOPLIST_KEY_WKCompanionAppBundleIdentifier = com.fku.tofinishit;
				MARKETING_VERSION = 1.0;
				PRODUCT_BUNDLE_IDENTIFIER = com.fku.tofinishit.watchkitapp;
				PRODUCT_NAME = ToFinish;
				SDKROOT = watchos;
				SKIP_INSTALL = YES;
				SWIFT_EMIT_LOC_STRINGS = YES;
				SWIFT_VERSION = 5.0;
				TARGETED_DEVICE_FAMILY = 4;
				WATCHOS_DEPLOYMENT_TARGET = 8.0;
			};
			name = Debug;
		};
		05441B6028C9D2C2007FE4CD /* Release */ = {
			isa = XCBuildConfiguration;
			buildSettings = {
				ALWAYS_EMBED_SWIFT_STANDARD_LIBRARIES = YES;
				ASSETCATALOG_COMPILER_APPICON_NAME = AppIcon;
				ASSETCATALOG_COMPILER_GLOBAL_ACCENT_COLOR_NAME = AccentColor;
				CODE_SIGN_STYLE = Automatic;
				CURRENT_PROJECT_VERSION = 1;
				DEVELOPMENT_TEAM = L2CJ78AL3T;
				GENERATE_INFOPLIST_FILE = YES;
				IBSC_MODULE = DevoteWatch_WatchKit_Extension;
				INFOPLIST_KEY_UISupportedInterfaceOrientations = "UIInterfaceOrientationPortrait UIInterfaceOrientationPortraitUpsideDown";
				INFOPLIST_KEY_WKCompanionAppBundleIdentifier = com.fku.tofinishit;
				MARKETING_VERSION = 1.0;
				PRODUCT_BUNDLE_IDENTIFIER = com.fku.tofinishit.watchkitapp;
				PRODUCT_NAME = ToFinish;
				SDKROOT = watchos;
				SKIP_INSTALL = YES;
				SWIFT_EMIT_LOC_STRINGS = YES;
				SWIFT_VERSION = 5.0;
				TARGETED_DEVICE_FAMILY = 4;
				WATCHOS_DEPLOYMENT_TARGET = 8.0;
			};
			name = Release;
		};
		05441B6228C9D2C2007FE4CD /* Debug */ = {
			isa = XCBuildConfiguration;
			buildSettings = {
				ASSETCATALOG_COMPILER_COMPLICATION_NAME = Complication;
				CODE_SIGN_ENTITLEMENTS = "DevoteWatch WatchKit Extension/DevoteWatch WatchKit Extension.entitlements";
				CODE_SIGN_STYLE = Automatic;
				CURRENT_PROJECT_VERSION = 1;
				DEVELOPMENT_ASSET_PATHS = "\"DevoteWatch WatchKit Extension/Preview Content\"";
				DEVELOPMENT_TEAM = L2CJ78AL3T;
				ENABLE_PREVIEWS = YES;
				GENERATE_INFOPLIST_FILE = YES;
				INFOPLIST_FILE = "DevoteWatch WatchKit Extension/Info.plist";
				INFOPLIST_KEY_CFBundleDisplayName = "ToFinishWatch WatchKit Extension";
				INFOPLIST_KEY_CLKComplicationPrincipalClass = DevoteWatch_WatchKit_Extension.ComplicationController;
				INFOPLIST_KEY_NSHumanReadableCopyright = "";
				LD_RUNPATH_SEARCH_PATHS = (
					"$(inherited)",
					"@executable_path/Frameworks",
					"@executable_path/../../Frameworks",
				);
				MARKETING_VERSION = 1.0;
				PRODUCT_BUNDLE_IDENTIFIER = com.fku.tofinishit.watchkitapp.watchkitextension;
				PRODUCT_NAME = "${TARGET_NAME}";
				SDKROOT = watchos;
				SKIP_INSTALL = YES;
				SWIFT_EMIT_LOC_STRINGS = YES;
				SWIFT_VERSION = 5.0;
				TARGETED_DEVICE_FAMILY = 4;
				WATCHOS_DEPLOYMENT_TARGET = 8.0;
			};
			name = Debug;
		};
		05441B6328C9D2C2007FE4CD /* Release */ = {
			isa = XCBuildConfiguration;
			buildSettings = {
				ASSETCATALOG_COMPILER_COMPLICATION_NAME = Complication;
				CODE_SIGN_ENTITLEMENTS = "DevoteWatch WatchKit Extension/DevoteWatch WatchKit Extension.entitlements";
				CODE_SIGN_STYLE = Automatic;
				CURRENT_PROJECT_VERSION = 1;
				DEVELOPMENT_ASSET_PATHS = "\"DevoteWatch WatchKit Extension/Preview Content\"";
				DEVELOPMENT_TEAM = L2CJ78AL3T;
				ENABLE_PREVIEWS = YES;
				GENERATE_INFOPLIST_FILE = YES;
				INFOPLIST_FILE = "DevoteWatch WatchKit Extension/Info.plist";
				INFOPLIST_KEY_CFBundleDisplayName = "ToFinishWatch WatchKit Extension";
				INFOPLIST_KEY_CLKComplicationPrincipalClass = DevoteWatch_WatchKit_Extension.ComplicationController;
				INFOPLIST_KEY_NSHumanReadableCopyright = "";
				LD_RUNPATH_SEARCH_PATHS = (
					"$(inherited)",
					"@executable_path/Frameworks",
					"@executable_path/../../Frameworks",
				);
				MARKETING_VERSION = 1.0;
				PRODUCT_BUNDLE_IDENTIFIER = com.fku.tofinishit.watchkitapp.watchkitextension;
				PRODUCT_NAME = "${TARGET_NAME}";
				SDKROOT = watchos;
				SKIP_INSTALL = YES;
				SWIFT_EMIT_LOC_STRINGS = YES;
				SWIFT_VERSION = 5.0;
				TARGETED_DEVICE_FAMILY = 4;
				WATCHOS_DEPLOYMENT_TARGET = 8.0;
			};
			name = Release;
		};
		055C638028C63D2400F22AAC /* Debug */ = {
			isa = XCBuildConfiguration;
			buildSettings = {
				ASSETCATALOG_COMPILER_GLOBAL_ACCENT_COLOR_NAME = AccentColor;
				ASSETCATALOG_COMPILER_WIDGET_BACKGROUND_COLOR_NAME = WidgetBackground;
				CODE_SIGN_STYLE = Automatic;
				CURRENT_PROJECT_VERSION = 1;
				DEVELOPMENT_TEAM = L2CJ78AL3T;
				GENERATE_INFOPLIST_FILE = YES;
				INFOPLIST_FILE = DevoteWidget/Info.plist;
				INFOPLIST_KEY_CFBundleDisplayName = ToFinishWidget;
				INFOPLIST_KEY_NSHumanReadableCopyright = "";
				LD_RUNPATH_SEARCH_PATHS = (
					"$(inherited)",
					"@executable_path/Frameworks",
					"@executable_path/../../Frameworks",
				);
				MARKETING_VERSION = 1.0;
				PRODUCT_BUNDLE_IDENTIFIER = com.fku.tofinishit.ToFinishWidget;
				PRODUCT_NAME = "$(TARGET_NAME)";
				SKIP_INSTALL = YES;
				SWIFT_EMIT_LOC_STRINGS = YES;
				SWIFT_VERSION = 5.0;
				TARGETED_DEVICE_FAMILY = "1,2";
			};
			name = Debug;
		};
		055C638128C63D2400F22AAC /* Release */ = {
			isa = XCBuildConfiguration;
			buildSettings = {
				ASSETCATALOG_COMPILER_GLOBAL_ACCENT_COLOR_NAME = AccentColor;
				ASSETCATALOG_COMPILER_WIDGET_BACKGROUND_COLOR_NAME = WidgetBackground;
				CODE_SIGN_STYLE = Automatic;
				CURRENT_PROJECT_VERSION = 1;
				DEVELOPMENT_TEAM = L2CJ78AL3T;
				GENERATE_INFOPLIST_FILE = YES;
				INFOPLIST_FILE = DevoteWidget/Info.plist;
				INFOPLIST_KEY_CFBundleDisplayName = ToFinishWidget;
				INFOPLIST_KEY_NSHumanReadableCopyright = "";
				LD_RUNPATH_SEARCH_PATHS = (
					"$(inherited)",
					"@executable_path/Frameworks",
					"@executable_path/../../Frameworks",
				);
				MARKETING_VERSION = 1.0;
				PRODUCT_BUNDLE_IDENTIFIER = com.fku.tofinishit.ToFinishWidget;
				PRODUCT_NAME = "$(TARGET_NAME)";
				SKIP_INSTALL = YES;
				SWIFT_EMIT_LOC_STRINGS = YES;
				SWIFT_VERSION = 5.0;
				TARGETED_DEVICE_FAMILY = "1,2";
			};
			name = Release;
		};
		05940E1828B3D6CE00E28FC5 /* Debug */ = {
			isa = XCBuildConfiguration;
			buildSettings = {
				ALWAYS_SEARCH_USER_PATHS = NO;
				CLANG_ANALYZER_NONNULL = YES;
				CLANG_ANALYZER_NUMBER_OBJECT_CONVERSION = YES_AGGRESSIVE;
				CLANG_CXX_LANGUAGE_STANDARD = "gnu++17";
				CLANG_ENABLE_MODULES = YES;
				CLANG_ENABLE_OBJC_ARC = YES;
				CLANG_ENABLE_OBJC_WEAK = YES;
				CLANG_WARN_BLOCK_CAPTURE_AUTORELEASING = YES;
				CLANG_WARN_BOOL_CONVERSION = YES;
				CLANG_WARN_COMMA = YES;
				CLANG_WARN_CONSTANT_CONVERSION = YES;
				CLANG_WARN_DEPRECATED_OBJC_IMPLEMENTATIONS = YES;
				CLANG_WARN_DIRECT_OBJC_ISA_USAGE = YES_ERROR;
				CLANG_WARN_DOCUMENTATION_COMMENTS = YES;
				CLANG_WARN_EMPTY_BODY = YES;
				CLANG_WARN_ENUM_CONVERSION = YES;
				CLANG_WARN_INFINITE_RECURSION = YES;
				CLANG_WARN_INT_CONVERSION = YES;
				CLANG_WARN_NON_LITERAL_NULL_CONVERSION = YES;
				CLANG_WARN_OBJC_IMPLICIT_RETAIN_SELF = YES;
				CLANG_WARN_OBJC_LITERAL_CONVERSION = YES;
				CLANG_WARN_OBJC_ROOT_CLASS = YES_ERROR;
				CLANG_WARN_QUOTED_INCLUDE_IN_FRAMEWORK_HEADER = YES;
				CLANG_WARN_RANGE_LOOP_ANALYSIS = YES;
				CLANG_WARN_STRICT_PROTOTYPES = YES;
				CLANG_WARN_SUSPICIOUS_MOVE = YES;
				CLANG_WARN_UNGUARDED_AVAILABILITY = YES_AGGRESSIVE;
				CLANG_WARN_UNREACHABLE_CODE = YES;
				CLANG_WARN__DUPLICATE_METHOD_MATCH = YES;
				COPY_PHASE_STRIP = NO;
				DEBUG_INFORMATION_FORMAT = dwarf;
				ENABLE_STRICT_OBJC_MSGSEND = YES;
				ENABLE_TESTABILITY = YES;
				GCC_C_LANGUAGE_STANDARD = gnu11;
				GCC_DYNAMIC_NO_PIC = NO;
				GCC_NO_COMMON_BLOCKS = YES;
				GCC_OPTIMIZATION_LEVEL = 0;
				GCC_PREPROCESSOR_DEFINITIONS = (
					"DEBUG=1",
					"$(inherited)",
				);
				GCC_WARN_64_TO_32_BIT_CONVERSION = YES;
				GCC_WARN_ABOUT_RETURN_TYPE = YES_ERROR;
				GCC_WARN_UNDECLARED_SELECTOR = YES;
				GCC_WARN_UNINITIALIZED_AUTOS = YES_AGGRESSIVE;
				GCC_WARN_UNUSED_FUNCTION = YES;
				GCC_WARN_UNUSED_VARIABLE = YES;
				IPHONEOS_DEPLOYMENT_TARGET = 15.5;
				MTL_ENABLE_DEBUG_INFO = INCLUDE_SOURCE;
				MTL_FAST_MATH = YES;
				ONLY_ACTIVE_ARCH = YES;
				SDKROOT = iphoneos;
				SWIFT_ACTIVE_COMPILATION_CONDITIONS = DEBUG;
				SWIFT_OPTIMIZATION_LEVEL = "-Onone";
			};
			name = Debug;
		};
		05940E1928B3D6CE00E28FC5 /* Release */ = {
			isa = XCBuildConfiguration;
			buildSettings = {
				ALWAYS_SEARCH_USER_PATHS = NO;
				CLANG_ANALYZER_NONNULL = YES;
				CLANG_ANALYZER_NUMBER_OBJECT_CONVERSION = YES_AGGRESSIVE;
				CLANG_CXX_LANGUAGE_STANDARD = "gnu++17";
				CLANG_ENABLE_MODULES = YES;
				CLANG_ENABLE_OBJC_ARC = YES;
				CLANG_ENABLE_OBJC_WEAK = YES;
				CLANG_WARN_BLOCK_CAPTURE_AUTORELEASING = YES;
				CLANG_WARN_BOOL_CONVERSION = YES;
				CLANG_WARN_COMMA = YES;
				CLANG_WARN_CONSTANT_CONVERSION = YES;
				CLANG_WARN_DEPRECATED_OBJC_IMPLEMENTATIONS = YES;
				CLANG_WARN_DIRECT_OBJC_ISA_USAGE = YES_ERROR;
				CLANG_WARN_DOCUMENTATION_COMMENTS = YES;
				CLANG_WARN_EMPTY_BODY = YES;
				CLANG_WARN_ENUM_CONVERSION = YES;
				CLANG_WARN_INFINITE_RECURSION = YES;
				CLANG_WARN_INT_CONVERSION = YES;
				CLANG_WARN_NON_LITERAL_NULL_CONVERSION = YES;
				CLANG_WARN_OBJC_IMPLICIT_RETAIN_SELF = YES;
				CLANG_WARN_OBJC_LITERAL_CONVERSION = YES;
				CLANG_WARN_OBJC_ROOT_CLASS = YES_ERROR;
				CLANG_WARN_QUOTED_INCLUDE_IN_FRAMEWORK_HEADER = YES;
				CLANG_WARN_RANGE_LOOP_ANALYSIS = YES;
				CLANG_WARN_STRICT_PROTOTYPES = YES;
				CLANG_WARN_SUSPICIOUS_MOVE = YES;
				CLANG_WARN_UNGUARDED_AVAILABILITY = YES_AGGRESSIVE;
				CLANG_WARN_UNREACHABLE_CODE = YES;
				CLANG_WARN__DUPLICATE_METHOD_MATCH = YES;
				COPY_PHASE_STRIP = NO;
				DEBUG_INFORMATION_FORMAT = "dwarf-with-dsym";
				ENABLE_NS_ASSERTIONS = NO;
				ENABLE_STRICT_OBJC_MSGSEND = YES;
				GCC_C_LANGUAGE_STANDARD = gnu11;
				GCC_NO_COMMON_BLOCKS = YES;
				GCC_WARN_64_TO_32_BIT_CONVERSION = YES;
				GCC_WARN_ABOUT_RETURN_TYPE = YES_ERROR;
				GCC_WARN_UNDECLARED_SELECTOR = YES;
				GCC_WARN_UNINITIALIZED_AUTOS = YES_AGGRESSIVE;
				GCC_WARN_UNUSED_FUNCTION = YES;
				GCC_WARN_UNUSED_VARIABLE = YES;
				IPHONEOS_DEPLOYMENT_TARGET = 15.5;
				MTL_ENABLE_DEBUG_INFO = NO;
				MTL_FAST_MATH = YES;
				SDKROOT = iphoneos;
				SWIFT_COMPILATION_MODE = wholemodule;
				SWIFT_OPTIMIZATION_LEVEL = "-O";
				VALIDATE_PRODUCT = YES;
			};
			name = Release;
		};
		05940E1B28B3D6CE00E28FC5 /* Debug */ = {
			isa = XCBuildConfiguration;
			buildSettings = {
				ALWAYS_EMBED_SWIFT_STANDARD_LIBRARIES = YES;
				ASSETCATALOG_COMPILER_APPICON_NAME = AppIcon;
				ASSETCATALOG_COMPILER_GLOBAL_ACCENT_COLOR_NAME = AccentColor;
				CODE_SIGN_ENTITLEMENTS = Devote/Devote.entitlements;
				CODE_SIGN_STYLE = Automatic;
				CURRENT_PROJECT_VERSION = 1;
				DEVELOPMENT_ASSET_PATHS = "\"Devote/Preview Content\"";
				DEVELOPMENT_TEAM = L2CJ78AL3T;
				ENABLE_PREVIEWS = YES;
				GENERATE_INFOPLIST_FILE = YES;
				INFOPLIST_FILE = Devote/Info.plist;
				INFOPLIST_KEY_CFBundleDisplayName = ToFinish;
				INFOPLIST_KEY_UIApplicationSceneManifest_Generation = YES;
				INFOPLIST_KEY_UIApplicationSupportsIndirectInputEvents = YES;
				INFOPLIST_KEY_UISupportedInterfaceOrientations = UIInterfaceOrientationPortrait;
				INFOPLIST_KEY_UISupportedInterfaceOrientations_iPad = "UIInterfaceOrientationPortrait UIInterfaceOrientationPortraitUpsideDown UIInterfaceOrientationLandscapeLeft UIInterfaceOrientationLandscapeRight";
				INFOPLIST_KEY_UISupportedInterfaceOrientations_iPhone = "UIInterfaceOrientationPortrait UIInterfaceOrientationLandscapeLeft UIInterfaceOrientationLandscapeRight";
				IPHONEOS_DEPLOYMENT_TARGET = 15.0;
				LD_RUNPATH_SEARCH_PATHS = (
					"$(inherited)",
					"@executable_path/Frameworks",
				);
				MARKETING_VERSION = 1.0;
				PRODUCT_BUNDLE_IDENTIFIER = com.fku.tofinishit;
				PRODUCT_NAME = "$(TARGET_NAME)";
				SWIFT_EMIT_LOC_STRINGS = YES;
				SWIFT_VERSION = 5.0;
				TARGETED_DEVICE_FAMILY = "1,2";
			};
			name = Debug;
		};
		05940E1C28B3D6CE00E28FC5 /* Release */ = {
			isa = XCBuildConfiguration;
			buildSettings = {
				ALWAYS_EMBED_SWIFT_STANDARD_LIBRARIES = YES;
				ASSETCATALOG_COMPILER_APPICON_NAME = AppIcon;
				ASSETCATALOG_COMPILER_GLOBAL_ACCENT_COLOR_NAME = AccentColor;
				CODE_SIGN_ENTITLEMENTS = Devote/Devote.entitlements;
				CODE_SIGN_STYLE = Automatic;
				CURRENT_PROJECT_VERSION = 1;
				DEVELOPMENT_ASSET_PATHS = "\"Devote/Preview Content\"";
				DEVELOPMENT_TEAM = L2CJ78AL3T;
				ENABLE_PREVIEWS = YES;
				GENERATE_INFOPLIST_FILE = YES;
				INFOPLIST_FILE = Devote/Info.plist;
				INFOPLIST_KEY_CFBundleDisplayName = ToFinish;
				INFOPLIST_KEY_UIApplicationSceneManifest_Generation = YES;
				INFOPLIST_KEY_UIApplicationSupportsIndirectInputEvents = YES;
				INFOPLIST_KEY_UISupportedInterfaceOrientations = UIInterfaceOrientationPortrait;
				INFOPLIST_KEY_UISupportedInterfaceOrientations_iPad = "UIInterfaceOrientationPortrait UIInterfaceOrientationPortraitUpsideDown UIInterfaceOrientationLandscapeLeft UIInterfaceOrientationLandscapeRight";
				INFOPLIST_KEY_UISupportedInterfaceOrientations_iPhone = "UIInterfaceOrientationPortrait UIInterfaceOrientationLandscapeLeft UIInterfaceOrientationLandscapeRight";
				IPHONEOS_DEPLOYMENT_TARGET = 15.0;
				LD_RUNPATH_SEARCH_PATHS = (
					"$(inherited)",
					"@executable_path/Frameworks",
				);
				MARKETING_VERSION = 1.0;
				PRODUCT_BUNDLE_IDENTIFIER = com.fku.tofinishit;
				PRODUCT_NAME = "$(TARGET_NAME)";
				SWIFT_EMIT_LOC_STRINGS = YES;
				SWIFT_VERSION = 5.0;
				TARGETED_DEVICE_FAMILY = "1,2";
			};
			name = Release;
		};
/* End XCBuildConfiguration section */

/* Begin XCConfigurationList section */
		05441B6428C9D2C2007FE4CD /* Build configuration list for PBXNativeTarget "DevoteWatch WatchKit Extension" */ = {
			isa = XCConfigurationList;
			buildConfigurations = (
				05441B6228C9D2C2007FE4CD /* Debug */,
				05441B6328C9D2C2007FE4CD /* Release */,
			);
			defaultConfigurationIsVisible = 0;
			defaultConfigurationName = Release;
		};
		05441B6528C9D2C2007FE4CD /* Build configuration list for PBXNativeTarget "DevoteWatch" */ = {
			isa = XCConfigurationList;
			buildConfigurations = (
				05441B5F28C9D2C2007FE4CD /* Debug */,
				05441B6028C9D2C2007FE4CD /* Release */,
			);
			defaultConfigurationIsVisible = 0;
			defaultConfigurationName = Release;
		};
		055C637F28C63D2400F22AAC /* Build configuration list for PBXNativeTarget "DevoteWidgetExtension" */ = {
			isa = XCConfigurationList;
			buildConfigurations = (
				055C638028C63D2400F22AAC /* Debug */,
				055C638128C63D2400F22AAC /* Release */,
			);
			defaultConfigurationIsVisible = 0;
			defaultConfigurationName = Release;
		};
		05940E0228B3D6CC00E28FC5 /* Build configuration list for PBXProject "Devote" */ = {
			isa = XCConfigurationList;
			buildConfigurations = (
				05940E1828B3D6CE00E28FC5 /* Debug */,
				05940E1928B3D6CE00E28FC5 /* Release */,
			);
			defaultConfigurationIsVisible = 0;
			defaultConfigurationName = Release;
		};
		05940E1A28B3D6CE00E28FC5 /* Build configuration list for PBXNativeTarget "Devote" */ = {
			isa = XCConfigurationList;
			buildConfigurations = (
				05940E1B28B3D6CE00E28FC5 /* Debug */,
				05940E1C28B3D6CE00E28FC5 /* Release */,
			);
			defaultConfigurationIsVisible = 0;
			defaultConfigurationName = Release;
		};
/* End XCConfigurationList section */

/* Begin XCVersionGroup section */
		05940E1528B3D6CE00E28FC5 /* Notes.xcdatamodeld */ = {
			isa = XCVersionGroup;
			children = (
				05940E1628B3D6CE00E28FC5 /* Devote.xcdatamodel */,
			);
			currentVersion = 05940E1628B3D6CE00E28FC5 /* Devote.xcdatamodel */;
			path = Notes.xcdatamodeld;
			sourceTree = "<group>";
			versionGroupType = wrapper.xcdatamodel;
		};
/* End XCVersionGroup section */
	};
	rootObject = 05940DFF28B3D6CC00E28FC5 /* Project object */;
}
