// !$*UTF8*$!
{
	archiveVersion = 1;
	classes = {
	};
	objectVersion = 55;
	objects = {

/* Begin PBXBuildFile section */
		054FB2E428AE23C000404202 /* AfricaApp.swift in Sources */ = {isa = PBXBuildFile; fileRef = 054FB2E328AE23C000404202 /* AfricaApp.swift */; };
		054FB2E628AE23C000404202 /* ContentView.swift in Sources */ = {isa = PBXBuildFile; fileRef = 054FB2E528AE23C000404202 /* ContentView.swift */; };
		054FB2E828AE23C200404202 /* Assets.xcassets in Resources */ = {isa = PBXBuildFile; fileRef = 054FB2E728AE23C200404202 /* Assets.xcassets */; };
		054FB2EB28AE23C200404202 /* Preview Assets.xcassets in Resources */ = {isa = PBXBuildFile; fileRef = 054FB2EA28AE23C200404202 /* Preview Assets.xcassets */; };
		054FB2FC28AE258B00404202 /* rhino.mp4 in Resources */ = {isa = PBXBuildFile; fileRef = 054FB2F228AE258A00404202 /* rhino.mp4 */; };
		054FB2FD28AE258B00404202 /* lion.mp4 in Resources */ = {isa = PBXBuildFile; fileRef = 054FB2F328AE258A00404202 /* lion.mp4 */; };
		054FB2FE28AE258B00404202 /* gorilla.mp4 in Resources */ = {isa = PBXBuildFile; fileRef = 054FB2F428AE258A00404202 /* gorilla.mp4 */; };
		054FB2FF28AE258B00404202 /* cheetah.mp4 in Resources */ = {isa = PBXBuildFile; fileRef = 054FB2F528AE258A00404202 /* cheetah.mp4 */; };
		054FB30028AE258B00404202 /* lioness.mp4 in Resources */ = {isa = PBXBuildFile; fileRef = 054FB2F628AE258A00404202 /* lioness.mp4 */; };
		054FB30128AE258B00404202 /* ostrich.mp4 in Resources */ = {isa = PBXBuildFile; fileRef = 054FB2F728AE258A00404202 /* ostrich.mp4 */; };
		054FB30228AE258B00404202 /* giraffe.mp4 in Resources */ = {isa = PBXBuildFile; fileRef = 054FB2F828AE258B00404202 /* giraffe.mp4 */; };
		054FB30328AE258B00404202 /* zebra.mp4 in Resources */ = {isa = PBXBuildFile; fileRef = 054FB2F928AE258B00404202 /* zebra.mp4 */; };
		054FB30428AE258B00404202 /* hippo.mp4 in Resources */ = {isa = PBXBuildFile; fileRef = 054FB2FA28AE258B00404202 /* hippo.mp4 */; };
		054FB30528AE258B00404202 /* elephant.mp4 in Resources */ = {isa = PBXBuildFile; fileRef = 054FB2FB28AE258B00404202 /* elephant.mp4 */; };
		054FB30B28AE25D400404202 /* locations.json in Resources */ = {isa = PBXBuildFile; fileRef = 054FB30728AE25D400404202 /* locations.json */; };
		054FB30C28AE25D400404202 /* animals.json in Resources */ = {isa = PBXBuildFile; fileRef = 054FB30828AE25D400404202 /* animals.json */; };
		054FB30D28AE25D400404202 /* covers.json in Resources */ = {isa = PBXBuildFile; fileRef = 054FB30928AE25D400404202 /* covers.json */; };
		054FB30E28AE25D400404202 /* videos.json in Resources */ = {isa = PBXBuildFile; fileRef = 054FB30A28AE25D400404202 /* videos.json */; };
		054FB31228AE31CD00404202 /* VideoListView.swift in Sources */ = {isa = PBXBuildFile; fileRef = 054FB31128AE31CD00404202 /* VideoListView.swift */; };
		054FB31528AE31F000404202 /* MapView.swift in Sources */ = {isa = PBXBuildFile; fileRef = 054FB31428AE31F000404202 /* MapView.swift */; };
		054FB31728AE320100404202 /* GalleryView.swift in Sources */ = {isa = PBXBuildFile; fileRef = 054FB31628AE320100404202 /* GalleryView.swift */; };
		054FB31928AE320F00404202 /* MainView.swift in Sources */ = {isa = PBXBuildFile; fileRef = 054FB31828AE320F00404202 /* MainView.swift */; };
		054FB31C28AE537C00404202 /* CoverImageView.swift in Sources */ = {isa = PBXBuildFile; fileRef = 054FB31B28AE537C00404202 /* CoverImageView.swift */; };
		054FB31F28AE575900404202 /* CoverImageModel.swift in Sources */ = {isa = PBXBuildFile; fileRef = 054FB31E28AE575900404202 /* CoverImageModel.swift */; };
		054FB32228AE582900404202 /* CodableBundleExtension.swift in Sources */ = {isa = PBXBuildFile; fileRef = 054FB32128AE582900404202 /* CodableBundleExtension.swift */; };
/* End PBXBuildFile section */

/* Begin PBXFileReference section */
		054FB2E028AE23C000404202 /* Africa.app */ = {isa = PBXFileReference; explicitFileType = wrapper.application; includeInIndex = 0; path = Africa.app; sourceTree = BUILT_PRODUCTS_DIR; };
		054FB2E328AE23C000404202 /* AfricaApp.swift */ = {isa = PBXFileReference; lastKnownFileType = sourcecode.swift; path = AfricaApp.swift; sourceTree = "<group>"; };
		054FB2E528AE23C000404202 /* ContentView.swift */ = {isa = PBXFileReference; lastKnownFileType = sourcecode.swift; path = ContentView.swift; sourceTree = "<group>"; };
		054FB2E728AE23C200404202 /* Assets.xcassets */ = {isa = PBXFileReference; lastKnownFileType = folder.assetcatalog; path = Assets.xcassets; sourceTree = "<group>"; };
		054FB2EA28AE23C200404202 /* Preview Assets.xcassets */ = {isa = PBXFileReference; lastKnownFileType = folder.assetcatalog; path = "Preview Assets.xcassets"; sourceTree = "<group>"; };
		054FB2F228AE258A00404202 /* rhino.mp4 */ = {isa = PBXFileReference; lastKnownFileType = file; path = rhino.mp4; sourceTree = "<group>"; };
		054FB2F328AE258A00404202 /* lion.mp4 */ = {isa = PBXFileReference; lastKnownFileType = file; path = lion.mp4; sourceTree = "<group>"; };
		054FB2F428AE258A00404202 /* gorilla.mp4 */ = {isa = PBXFileReference; lastKnownFileType = file; path = gorilla.mp4; sourceTree = "<group>"; };
		054FB2F528AE258A00404202 /* cheetah.mp4 */ = {isa = PBXFileReference; lastKnownFileType = file; path = cheetah.mp4; sourceTree = "<group>"; };
		054FB2F628AE258A00404202 /* lioness.mp4 */ = {isa = PBXFileReference; lastKnownFileType = file; path = lioness.mp4; sourceTree = "<group>"; };
		054FB2F728AE258A00404202 /* ostrich.mp4 */ = {isa = PBXFileReference; lastKnownFileType = file; path = ostrich.mp4; sourceTree = "<group>"; };
		054FB2F828AE258B00404202 /* giraffe.mp4 */ = {isa = PBXFileReference; lastKnownFileType = file; path = giraffe.mp4; sourceTree = "<group>"; };
		054FB2F928AE258B00404202 /* zebra.mp4 */ = {isa = PBXFileReference; lastKnownFileType = file; path = zebra.mp4; sourceTree = "<group>"; };
		054FB2FA28AE258B00404202 /* hippo.mp4 */ = {isa = PBXFileReference; lastKnownFileType = file; path = hippo.mp4; sourceTree = "<group>"; };
		054FB2FB28AE258B00404202 /* elephant.mp4 */ = {isa = PBXFileReference; lastKnownFileType = file; path = elephant.mp4; sourceTree = "<group>"; };
		054FB30728AE25D400404202 /* locations.json */ = {isa = PBXFileReference; fileEncoding = 4; lastKnownFileType = text.json; path = locations.json; sourceTree = "<group>"; };
		054FB30828AE25D400404202 /* animals.json */ = {isa = PBXFileReference; fileEncoding = 4; lastKnownFileType = text.json; path = animals.json; sourceTree = "<group>"; };
		054FB30928AE25D400404202 /* covers.json */ = {isa = PBXFileReference; fileEncoding = 4; lastKnownFileType = text.json; path = covers.json; sourceTree = "<group>"; };
		054FB30A28AE25D400404202 /* videos.json */ = {isa = PBXFileReference; fileEncoding = 4; lastKnownFileType = text.json; path = videos.json; sourceTree = "<group>"; };
		054FB30F28AE309C00404202 /* Info.plist */ = {isa = PBXFileReference; lastKnownFileType = text.plist; path = Info.plist; sourceTree = "<group>"; };
		054FB31128AE31CD00404202 /* VideoListView.swift */ = {isa = PBXFileReference; lastKnownFileType = sourcecode.swift; path = VideoListView.swift; sourceTree = "<group>"; };
		054FB31428AE31F000404202 /* MapView.swift */ = {isa = PBXFileReference; lastKnownFileType = sourcecode.swift; path = MapView.swift; sourceTree = "<group>"; };
		054FB31628AE320100404202 /* GalleryView.swift */ = {isa = PBXFileReference; lastKnownFileType = sourcecode.swift; path = GalleryView.swift; sourceTree = "<group>"; };
		054FB31828AE320F00404202 /* MainView.swift */ = {isa = PBXFileReference; lastKnownFileType = sourcecode.swift; path = MainView.swift; sourceTree = "<group>"; };
		054FB31B28AE537C00404202 /* CoverImageView.swift */ = {isa = PBXFileReference; lastKnownFileType = sourcecode.swift; path = CoverImageView.swift; sourceTree = "<group>"; };
		054FB31E28AE575900404202 /* CoverImageModel.swift */ = {isa = PBXFileReference; lastKnownFileType = sourcecode.swift; path = CoverImageModel.swift; sourceTree = "<group>"; };
		054FB32128AE582900404202 /* CodableBundleExtension.swift */ = {isa = PBXFileReference; lastKnownFileType = sourcecode.swift; path = CodableBundleExtension.swift; sourceTree = "<group>"; };
/* End PBXFileReference section */

/* Begin PBXFrameworksBuildPhase section */
		054FB2DD28AE23C000404202 /* Frameworks */ = {
			isa = PBXFrameworksBuildPhase;
			buildActionMask = 2147483647;
			files = (
			);
			runOnlyForDeploymentPostprocessing = 0;
		};
/* End PBXFrameworksBuildPhase section */

/* Begin PBXGroup section */
		054FB2D728AE23C000404202 = {
			isa = PBXGroup;
			children = (
				054FB2E228AE23C000404202 /* Africa */,
				054FB2E128AE23C000404202 /* Products */,
			);
			sourceTree = "<group>";
		};
		054FB2E128AE23C000404202 /* Products */ = {
			isa = PBXGroup;
			children = (
				054FB2E028AE23C000404202 /* Africa.app */,
			);
			name = Products;
			sourceTree = "<group>";
		};
		054FB2E228AE23C000404202 /* Africa */ = {
			isa = PBXGroup;
			children = (
				054FB32028AE581700404202 /* Extension */,
				054FB31D28AE573E00404202 /* Model */,
				054FB31A28AE536A00404202 /* View */,
				054FB30F28AE309C00404202 /* Info.plist */,
				054FB30628AE25C700404202 /* Data */,
				054FB2F128AE257700404202 /* Video */,
				054FB31028AE318B00404202 /* App */,
				054FB2E728AE23C200404202 /* Assets.xcassets */,
				054FB2E928AE23C200404202 /* Preview Content */,
			);
			path = Africa;
			sourceTree = "<group>";
		};
		054FB2E928AE23C200404202 /* Preview Content */ = {
			isa = PBXGroup;
			children = (
				054FB2EA28AE23C200404202 /* Preview Assets.xcassets */,
			);
			path = "Preview Content";
			sourceTree = "<group>";
		};
		054FB2F128AE257700404202 /* Video */ = {
			isa = PBXGroup;
			children = (
				054FB2F528AE258A00404202 /* cheetah.mp4 */,
				054FB2FB28AE258B00404202 /* elephant.mp4 */,
				054FB2F828AE258B00404202 /* giraffe.mp4 */,
				054FB2F428AE258A00404202 /* gorilla.mp4 */,
				054FB2FA28AE258B00404202 /* hippo.mp4 */,
				054FB2F328AE258A00404202 /* lion.mp4 */,
				054FB2F628AE258A00404202 /* lioness.mp4 */,
				054FB2F728AE258A00404202 /* ostrich.mp4 */,
				054FB2F228AE258A00404202 /* rhino.mp4 */,
				054FB2F928AE258B00404202 /* zebra.mp4 */,
			);
			path = Video;
			sourceTree = "<group>";
		};
		054FB30628AE25C700404202 /* Data */ = {
			isa = PBXGroup;
			children = (
				054FB30828AE25D400404202 /* animals.json */,
				054FB30928AE25D400404202 /* covers.json */,
				054FB30728AE25D400404202 /* locations.json */,
				054FB30A28AE25D400404202 /* videos.json */,
			);
			path = Data;
			sourceTree = "<group>";
		};
		054FB31028AE318B00404202 /* App */ = {
			isa = PBXGroup;
			children = (
				054FB2E328AE23C000404202 /* AfricaApp.swift */,
				054FB2E528AE23C000404202 /* ContentView.swift */,
				054FB31128AE31CD00404202 /* VideoListView.swift */,
				054FB31428AE31F000404202 /* MapView.swift */,
				054FB31628AE320100404202 /* GalleryView.swift */,
				054FB31828AE320F00404202 /* MainView.swift */,
			);
			path = App;
			sourceTree = "<group>";
		};
		054FB31A28AE536A00404202 /* View */ = {
			isa = PBXGroup;
			children = (
				054FB31B28AE537C00404202 /* CoverImageView.swift */,
			);
			path = View;
			sourceTree = "<group>";
		};
		054FB31D28AE573E00404202 /* Model */ = {
			isa = PBXGroup;
			children = (
				054FB31E28AE575900404202 /* CoverImageModel.swift */,
			);
			path = Model;
			sourceTree = "<group>";
		};
		054FB32028AE581700404202 /* Extension */ = {
			isa = PBXGroup;
			children = (
				054FB32128AE582900404202 /* CodableBundleExtension.swift */,
			);
			path = Extension;
			sourceTree = "<group>";
		};
/* End PBXGroup section */

/* Begin PBXNativeTarget section */
		054FB2DF28AE23C000404202 /* Africa */ = {
			isa = PBXNativeTarget;
			buildConfigurationList = 054FB2EE28AE23C200404202 /* Build configuration list for PBXNativeTarget "Africa" */;
			buildPhases = (
				054FB2DC28AE23C000404202 /* Sources */,
				054FB2DD28AE23C000404202 /* Frameworks */,
				054FB2DE28AE23C000404202 /* Resources */,
			);
			buildRules = (
			);
			dependencies = (
			);
			name = Africa;
			productName = Africa;
			productReference = 054FB2E028AE23C000404202 /* Africa.app */;
			productType = "com.apple.product-type.application";
		};
/* End PBXNativeTarget section */

/* Begin PBXProject section */
		054FB2D828AE23C000404202 /* Project object */ = {
			isa = PBXProject;
			attributes = {
				BuildIndependentTargetsInParallel = 1;
				LastSwiftUpdateCheck = 1340;
				LastUpgradeCheck = 1340;
				TargetAttributes = {
					054FB2DF28AE23C000404202 = {
						CreatedOnToolsVersion = 13.4.1;
					};
				};
			};
			buildConfigurationList = 054FB2DB28AE23C000404202 /* Build configuration list for PBXProject "Africa" */;
			compatibilityVersion = "Xcode 13.0";
			developmentRegion = en;
			hasScannedForEncodings = 0;
			knownRegions = (
				en,
				Base,
			);
			mainGroup = 054FB2D728AE23C000404202;
			productRefGroup = 054FB2E128AE23C000404202 /* Products */;
			projectDirPath = "";
			projectRoot = "";
			targets = (
				054FB2DF28AE23C000404202 /* Africa */,
			);
		};
/* End PBXProject section */

/* Begin PBXResourcesBuildPhase section */
		054FB2DE28AE23C000404202 /* Resources */ = {
			isa = PBXResourcesBuildPhase;
			buildActionMask = 2147483647;
			files = (
				054FB30B28AE25D400404202 /* locations.json in Resources */,
				054FB2FC28AE258B00404202 /* rhino.mp4 in Resources */,
				054FB30428AE258B00404202 /* hippo.mp4 in Resources */,
				054FB2FD28AE258B00404202 /* lion.mp4 in Resources */,
				054FB2FF28AE258B00404202 /* cheetah.mp4 in Resources */,
				054FB2FE28AE258B00404202 /* gorilla.mp4 in Resources */,
				054FB2EB28AE23C200404202 /* Preview Assets.xcassets in Resources */,
				054FB30C28AE25D400404202 /* animals.json in Resources */,
				054FB30028AE258B00404202 /* lioness.mp4 in Resources */,
				054FB30328AE258B00404202 /* zebra.mp4 in Resources */,
				054FB30D28AE25D400404202 /* covers.json in Resources */,
				054FB30528AE258B00404202 /* elephant.mp4 in Resources */,
				054FB30128AE258B00404202 /* ostrich.mp4 in Resources */,
				054FB30E28AE25D400404202 /* videos.json in Resources */,
				054FB2E828AE23C200404202 /* Assets.xcassets in Resources */,
				054FB30228AE258B00404202 /* giraffe.mp4 in Resources */,
			);
			runOnlyForDeploymentPostprocessing = 0;
		};
/* End PBXResourcesBuildPhase section */

/* Begin PBXSourcesBuildPhase section */
		054FB2DC28AE23C000404202 /* Sources */ = {
			isa = PBXSourcesBuildPhase;
			buildActionMask = 2147483647;
			files = (
				054FB2E628AE23C000404202 /* ContentView.swift in Sources */,
				054FB31928AE320F00404202 /* MainView.swift in Sources */,
				054FB31C28AE537C00404202 /* CoverImageView.swift in Sources */,
				054FB31F28AE575900404202 /* CoverImageModel.swift in Sources */,
				054FB31528AE31F000404202 /* MapView.swift in Sources */,
				054FB2E428AE23C000404202 /* AfricaApp.swift in Sources */,
				054FB31228AE31CD00404202 /* VideoListView.swift in Sources */,
				054FB31728AE320100404202 /* GalleryView.swift in Sources */,
				054FB32228AE582900404202 /* CodableBundleExtension.swift in Sources */,
			);
			runOnlyForDeploymentPostprocessing = 0;
		};
/* End PBXSourcesBuildPhase section */

/* Begin XCBuildConfiguration section */
		054FB2EC28AE23C200404202 /* Debug */ = {
			isa = XCBuildConfiguration;
			buildSettings = {
				ALWAYS_SEARCH_USER_PATHS = NO;
				CLANG_ANALYZER_NONNULL = YES;
				CLANG_ANALYZER_NUMBER_OBJECT_CONVERSION = YES_AGGRESSIVE;
				CLANG_CXX_LANGUAGE_STANDARD = "gnu++17";
				CLANG_ENABLE_MODULES = YES;
				CLANG_ENABLE_OBJC_ARC = YES;
				CLANG_ENABLE_OBJC_WEAK = YES;
				CLANG_WARN_BLOCK_CAPTURE_AUTORELEASING = YES;
				CLANG_WARN_BOOL_CONVERSION = YES;
				CLANG_WARN_COMMA = YES;
				CLANG_WARN_CONSTANT_CONVERSION = YES;
				CLANG_WARN_DEPRECATED_OBJC_IMPLEMENTATIONS = YES;
				CLANG_WARN_DIRECT_OBJC_ISA_USAGE = YES_ERROR;
				CLANG_WARN_DOCUMENTATION_COMMENTS = YES;
				CLANG_WARN_EMPTY_BODY = YES;
				CLANG_WARN_ENUM_CONVERSION = YES;
				CLANG_WARN_INFINITE_RECURSION = YES;
				CLANG_WARN_INT_CONVERSION = YES;
				CLANG_WARN_NON_LITERAL_NULL_CONVERSION = YES;
				CLANG_WARN_OBJC_IMPLICIT_RETAIN_SELF = YES;
				CLANG_WARN_OBJC_LITERAL_CONVERSION = YES;
				CLANG_WARN_OBJC_ROOT_CLASS = YES_ERROR;
				CLANG_WARN_QUOTED_INCLUDE_IN_FRAMEWORK_HEADER = YES;
				CLANG_WARN_RANGE_LOOP_ANALYSIS = YES;
				CLANG_WARN_STRICT_PROTOTYPES = YES;
				CLANG_WARN_SUSPICIOUS_MOVE = YES;
				CLANG_WARN_UNGUARDED_AVAILABILITY = YES_AGGRESSIVE;
				CLANG_WARN_UNREACHABLE_CODE = YES;
				CLANG_WARN__DUPLICATE_METHOD_MATCH = YES;
				COPY_PHASE_STRIP = NO;
				DEBUG_INFORMATION_FORMAT = dwarf;
				ENABLE_STRICT_OBJC_MSGSEND = YES;
				ENABLE_TESTABILITY = YES;
				GCC_C_LANGUAGE_STANDARD = gnu11;
				GCC_DYNAMIC_NO_PIC = NO;
				GCC_NO_COMMON_BLOCKS = YES;
				GCC_OPTIMIZATION_LEVEL = 0;
				GCC_PREPROCESSOR_DEFINITIONS = (
					"DEBUG=1",
					"$(inherited)",
				);
				GCC_WARN_64_TO_32_BIT_CONVERSION = YES;
				GCC_WARN_ABOUT_RETURN_TYPE = YES_ERROR;
				GCC_WARN_UNDECLARED_SELECTOR = YES;
				GCC_WARN_UNINITIALIZED_AUTOS = YES_AGGRESSIVE;
				GCC_WARN_UNUSED_FUNCTION = YES;
				GCC_WARN_UNUSED_VARIABLE = YES;
				IPHONEOS_DEPLOYMENT_TARGET = 15.5;
				MTL_ENABLE_DEBUG_INFO = INCLUDE_SOURCE;
				MTL_FAST_MATH = YES;
				ONLY_ACTIVE_ARCH = YES;
				SDKROOT = iphoneos;
				SWIFT_ACTIVE_COMPILATION_CONDITIONS = DEBUG;
				SWIFT_OPTIMIZATION_LEVEL = "-Onone";
			};
			name = Debug;
		};
		054FB2ED28AE23C200404202 /* Release */ = {
			isa = XCBuildConfiguration;
			buildSettings = {
				ALWAYS_SEARCH_USER_PATHS = NO;
				CLANG_ANALYZER_NONNULL = YES;
				CLANG_ANALYZER_NUMBER_OBJECT_CONVERSION = YES_AGGRESSIVE;
				CLANG_CXX_LANGUAGE_STANDARD = "gnu++17";
				CLANG_ENABLE_MODULES = YES;
				CLANG_ENABLE_OBJC_ARC = YES;
				CLANG_ENABLE_OBJC_WEAK = YES;
				CLANG_WARN_BLOCK_CAPTURE_AUTORELEASING = YES;
				CLANG_WARN_BOOL_CONVERSION = YES;
				CLANG_WARN_COMMA = YES;
				CLANG_WARN_CONSTANT_CONVERSION = YES;
				CLANG_WARN_DEPRECATED_OBJC_IMPLEMENTATIONS = YES;
				CLANG_WARN_DIRECT_OBJC_ISA_USAGE = YES_ERROR;
				CLANG_WARN_DOCUMENTATION_COMMENTS = YES;
				CLANG_WARN_EMPTY_BODY = YES;
				CLANG_WARN_ENUM_CONVERSION = YES;
				CLANG_WARN_INFINITE_RECURSION = YES;
				CLANG_WARN_INT_CONVERSION = YES;
				CLANG_WARN_NON_LITERAL_NULL_CONVERSION = YES;
				CLANG_WARN_OBJC_IMPLICIT_RETAIN_SELF = YES;
				CLANG_WARN_OBJC_LITERAL_CONVERSION = YES;
				CLANG_WARN_OBJC_ROOT_CLASS = YES_ERROR;
				CLANG_WARN_QUOTED_INCLUDE_IN_FRAMEWORK_HEADER = YES;
				CLANG_WARN_RANGE_LOOP_ANALYSIS = YES;
				CLANG_WARN_STRICT_PROTOTYPES = YES;
				CLANG_WARN_SUSPICIOUS_MOVE = YES;
				CLANG_WARN_UNGUARDED_AVAILABILITY = YES_AGGRESSIVE;
				CLANG_WARN_UNREACHABLE_CODE = YES;
				CLANG_WARN__DUPLICATE_METHOD_MATCH = YES;
				COPY_PHASE_STRIP = NO;
				DEBUG_INFORMATION_FORMAT = "dwarf-with-dsym";
				ENABLE_NS_ASSERTIONS = NO;
				ENABLE_STRICT_OBJC_MSGSEND = YES;
				GCC_C_LANGUAGE_STANDARD = gnu11;
				GCC_NO_COMMON_BLOCKS = YES;
				GCC_WARN_64_TO_32_BIT_CONVERSION = YES;
				GCC_WARN_ABOUT_RETURN_TYPE = YES_ERROR;
				GCC_WARN_UNDECLARED_SELECTOR = YES;
				GCC_WARN_UNINITIALIZED_AUTOS = YES_AGGRESSIVE;
				GCC_WARN_UNUSED_FUNCTION = YES;
				GCC_WARN_UNUSED_VARIABLE = YES;
				IPHONEOS_DEPLOYMENT_TARGET = 15.5;
				MTL_ENABLE_DEBUG_INFO = NO;
				MTL_FAST_MATH = YES;
				SDKROOT = iphoneos;
				SWIFT_COMPILATION_MODE = wholemodule;
				SWIFT_OPTIMIZATION_LEVEL = "-O";
				VALIDATE_PRODUCT = YES;
			};
			name = Release;
		};
		054FB2EF28AE23C200404202 /* Debug */ = {
			isa = XCBuildConfiguration;
			buildSettings = {
				ASSETCATALOG_COMPILER_APPICON_NAME = AppIcon;
				ASSETCATALOG_COMPILER_GLOBAL_ACCENT_COLOR_NAME = AccentColor;
				CODE_SIGN_STYLE = Automatic;
				CURRENT_PROJECT_VERSION = 1;
				DEVELOPMENT_ASSET_PATHS = "\"Africa/Preview Content\"";
				DEVELOPMENT_TEAM = L2CJ78AL3T;
				ENABLE_PREVIEWS = YES;
				GENERATE_INFOPLIST_FILE = YES;
				INFOPLIST_FILE = Africa/Info.plist;
				INFOPLIST_KEY_UIApplicationSceneManifest_Generation = YES;
				INFOPLIST_KEY_UIApplicationSupportsIndirectInputEvents = YES;
				INFOPLIST_KEY_UISupportedInterfaceOrientations_iPad = "UIInterfaceOrientationPortrait UIInterfaceOrientationPortraitUpsideDown UIInterfaceOrientationLandscapeLeft UIInterfaceOrientationLandscapeRight";
				INFOPLIST_KEY_UISupportedInterfaceOrientations_iPhone = "UIInterfaceOrientationPortrait UIInterfaceOrientationLandscapeLeft UIInterfaceOrientationLandscapeRight";
				INFOPLIST_KEY_UIUserInterfaceStyle = Dark;
				LD_RUNPATH_SEARCH_PATHS = (
					"$(inherited)",
					"@executable_path/Frameworks",
				);
				MARKETING_VERSION = 1.0;
				PRODUCT_BUNDLE_IDENTIFIER = com.fku.Africa;
				PRODUCT_NAME = "$(TARGET_NAME)";
				SWIFT_EMIT_LOC_STRINGS = YES;
				SWIFT_VERSION = 5.0;
				TARGETED_DEVICE_FAMILY = "1,2";
			};
			name = Debug;
		};
		054FB2F028AE23C200404202 /* Release */ = {
			isa = XCBuildConfiguration;
			buildSettings = {
				ASSETCATALOG_COMPILER_APPICON_NAME = AppIcon;
				ASSETCATALOG_COMPILER_GLOBAL_ACCENT_COLOR_NAME = AccentColor;
				CODE_SIGN_STYLE = Automatic;
				CURRENT_PROJECT_VERSION = 1;
				DEVELOPMENT_ASSET_PATHS = "\"Africa/Preview Content\"";
				DEVELOPMENT_TEAM = L2CJ78AL3T;
				ENABLE_PREVIEWS = YES;
				GENERATE_INFOPLIST_FILE = YES;
				INFOPLIST_FILE = Africa/Info.plist;
				INFOPLIST_KEY_UIApplicationSceneManifest_Generation = YES;
				INFOPLIST_KEY_UIApplicationSupportsIndirectInputEvents = YES;
				INFOPLIST_KEY_UISupportedInterfaceOrientations_iPad = "UIInterfaceOrientationPortrait UIInterfaceOrientationPortraitUpsideDown UIInterfaceOrientationLandscapeLeft UIInterfaceOrientationLandscapeRight";
				INFOPLIST_KEY_UISupportedInterfaceOrientations_iPhone = "UIInterfaceOrientationPortrait UIInterfaceOrientationLandscapeLeft UIInterfaceOrientationLandscapeRight";
				INFOPLIST_KEY_UIUserInterfaceStyle = Dark;
				LD_RUNPATH_SEARCH_PATHS = (
					"$(inherited)",
					"@executable_path/Frameworks",
				);
				MARKETING_VERSION = 1.0;
				PRODUCT_BUNDLE_IDENTIFIER = com.fku.Africa;
				PRODUCT_NAME = "$(TARGET_NAME)";
				SWIFT_EMIT_LOC_STRINGS = YES;
				SWIFT_VERSION = 5.0;
				TARGETED_DEVICE_FAMILY = "1,2";
			};
			name = Release;
		};
/* End XCBuildConfiguration section */

/* Begin XCConfigurationList section */
		054FB2DB28AE23C000404202 /* Build configuration list for PBXProject "Africa" */ = {
			isa = XCConfigurationList;
			buildConfigurations = (
				054FB2EC28AE23C200404202 /* Debug */,
				054FB2ED28AE23C200404202 /* Release */,
			);
			defaultConfigurationIsVisible = 0;
			defaultConfigurationName = Release;
		};
		054FB2EE28AE23C200404202 /* Build configuration list for PBXNativeTarget "Africa" */ = {
			isa = XCConfigurationList;
			buildConfigurations = (
				054FB2EF28AE23C200404202 /* Debug */,
				054FB2F028AE23C200404202 /* Release */,
			);
			defaultConfigurationIsVisible = 0;
			defaultConfigurationName = Release;
		};
/* End XCConfigurationList section */
	};
	rootObject = 054FB2D828AE23C000404202 /* Project object */;
}
