// !$*UTF8*$!
{
	archiveVersion = 1;
	classes = {
	};
	objectVersion = 55;
	objects = {

/* Begin PBXBuildFile section */
		055C639128C7421400F22AAC /* Notes WatchKit App.app in Embed Watch Content */ = {isa = PBXBuildFile; fileRef = 055C639028C7421400F22AAC /* Notes WatchKit App.app */; settings = {ATTRIBUTES = (RemoveHeadersOnCopy, ); }; };
		055C639628C7421600F22AAC /* Assets.xcassets in Resources */ = {isa = PBXBuildFile; fileRef = 055C639528C7421600F22AAC /* Assets.xcassets */; };
		055C639C28C7421600F22AAC /* Notes WatchKit Extension.appex in Embed App Extensions */ = {isa = PBXBuildFile; fileRef = 055C639B28C7421600F22AAC /* Notes WatchKit Extension.appex */; settings = {ATTRIBUTES = (RemoveHeadersOnCopy, ); }; };
		055C63A128C7421600F22AAC /* ContentView.swift in Sources */ = {isa = PBXBuildFile; fileRef = 055C63A028C7421600F22AAC /* ContentView.swift */; };
		055C63A328C7421600F22AAC /* NotesApp.swift in Sources */ = {isa = PBXBuildFile; fileRef = 055C63A228C7421600F22AAC /* NotesApp.swift */; };
		055C63A528C7421600F22AAC /* ComplicationController.swift in Sources */ = {isa = PBXBuildFile; fileRef = 055C63A428C7421600F22AAC /* ComplicationController.swift */; };
		055C63A728C7421700F22AAC /* Assets.xcassets in Resources */ = {isa = PBXBuildFile; fileRef = 055C63A628C7421700F22AAC /* Assets.xcassets */; };
		055C63AA28C7421700F22AAC /* Preview Assets.xcassets in Resources */ = {isa = PBXBuildFile; fileRef = 055C63A928C7421700F22AAC /* Preview Assets.xcassets */; };
		055C63BC28C7632900F22AAC /* Note.swift in Sources */ = {isa = PBXBuildFile; fileRef = 055C63BB28C7632900F22AAC /* Note.swift */; };
/* End PBXBuildFile section */

/* Begin PBXContainerItemProxy section */
		055C639228C7421400F22AAC /* PBXContainerItemProxy */ = {
			isa = PBXContainerItemProxy;
			containerPortal = 055C638628C7421400F22AAC /* Project object */;
			proxyType = 1;
			remoteGlobalIDString = 055C638F28C7421400F22AAC;
			remoteInfo = "Notes WatchKit App";
		};
		055C639D28C7421600F22AAC /* PBXContainerItemProxy */ = {
			isa = PBXContainerItemProxy;
			containerPortal = 055C638628C7421400F22AAC /* Project object */;
			proxyType = 1;
			remoteGlobalIDString = 055C639A28C7421600F22AAC;
			remoteInfo = "Notes WatchKit Extension";
		};
/* End PBXContainerItemProxy section */

/* Begin PBXCopyFilesBuildPhase section */
		055C63B128C7421700F22AAC /* Embed App Extensions */ = {
			isa = PBXCopyFilesBuildPhase;
			buildActionMask = 2147483647;
			dstPath = "";
			dstSubfolderSpec = 13;
			files = (
				055C639C28C7421600F22AAC /* Notes WatchKit Extension.appex in Embed App Extensions */,
			);
			name = "Embed App Extensions";
			runOnlyForDeploymentPostprocessing = 0;
		};
		055C63B528C7421700F22AAC /* Embed Watch Content */ = {
			isa = PBXCopyFilesBuildPhase;
			buildActionMask = 2147483647;
			dstPath = "$(CONTENTS_FOLDER_PATH)/Watch";
			dstSubfolderSpec = 16;
			files = (
				055C639128C7421400F22AAC /* Notes WatchKit App.app in Embed Watch Content */,
			);
			name = "Embed Watch Content";
			runOnlyForDeploymentPostprocessing = 0;
		};
/* End PBXCopyFilesBuildPhase section */

/* Begin PBXFileReference section */
		055C638C28C7421400F22AAC /* Notes.app */ = {isa = PBXFileReference; explicitFileType = wrapper.application; includeInIndex = 0; path = Notes.app; sourceTree = BUILT_PRODUCTS_DIR; };
		055C639028C7421400F22AAC /* Notes WatchKit App.app */ = {isa = PBXFileReference; explicitFileType = wrapper.application; includeInIndex = 0; path = "Notes WatchKit App.app"; sourceTree = BUILT_PRODUCTS_DIR; };
		055C639528C7421600F22AAC /* Assets.xcassets */ = {isa = PBXFileReference; lastKnownFileType = folder.assetcatalog; path = Assets.xcassets; sourceTree = "<group>"; };
		055C639B28C7421600F22AAC /* Notes WatchKit Extension.appex */ = {isa = PBXFileReference; explicitFileType = "wrapper.app-extension"; includeInIndex = 0; path = "Notes WatchKit Extension.appex"; sourceTree = BUILT_PRODUCTS_DIR; };
		055C63A028C7421600F22AAC /* ContentView.swift */ = {isa = PBXFileReference; lastKnownFileType = sourcecode.swift; path = ContentView.swift; sourceTree = "<group>"; };
		055C63A228C7421600F22AAC /* NotesApp.swift */ = {isa = PBXFileReference; lastKnownFileType = sourcecode.swift; path = NotesApp.swift; sourceTree = "<group>"; };
		055C63A428C7421600F22AAC /* ComplicationController.swift */ = {isa = PBXFileReference; lastKnownFileType = sourcecode.swift; path = ComplicationController.swift; sourceTree = "<group>"; };
		055C63A628C7421700F22AAC /* Assets.xcassets */ = {isa = PBXFileReference; lastKnownFileType = folder.assetcatalog; path = Assets.xcassets; sourceTree = "<group>"; };
		055C63A928C7421700F22AAC /* Preview Assets.xcassets */ = {isa = PBXFileReference; lastKnownFileType = folder.assetcatalog; path = "Preview Assets.xcassets"; sourceTree = "<group>"; };
		055C63AB28C7421700F22AAC /* Info.plist */ = {isa = PBXFileReference; lastKnownFileType = text.plist.xml; path = Info.plist; sourceTree = "<group>"; };
		055C63BB28C7632900F22AAC /* Note.swift */ = {isa = PBXFileReference; lastKnownFileType = sourcecode.swift; path = Note.swift; sourceTree = "<group>"; };
/* End PBXFileReference section */

/* Begin PBXFrameworksBuildPhase section */
		055C639828C7421600F22AAC /* Frameworks */ = {
			isa = PBXFrameworksBuildPhase;
			buildActionMask = 2147483647;
			files = (
			);
			runOnlyForDeploymentPostprocessing = 0;
		};
/* End PBXFrameworksBuildPhase section */

/* Begin PBXGroup section */
		055C638528C7421400F22AAC = {
			isa = PBXGroup;
			children = (
				055C639428C7421400F22AAC /* Notes WatchKit App */,
				055C639F28C7421600F22AAC /* Notes WatchKit Extension */,
				055C638D28C7421400F22AAC /* Products */,
			);
			sourceTree = "<group>";
		};
		055C638D28C7421400F22AAC /* Products */ = {
			isa = PBXGroup;
			children = (
				055C638C28C7421400F22AAC /* Notes.app */,
				055C639028C7421400F22AAC /* Notes WatchKit App.app */,
				055C639B28C7421600F22AAC /* Notes WatchKit Extension.appex */,
			);
			name = Products;
			sourceTree = "<group>";
		};
		055C639428C7421400F22AAC /* Notes WatchKit App */ = {
			isa = PBXGroup;
			children = (
				055C639528C7421600F22AAC /* Assets.xcassets */,
			);
			path = "Notes WatchKit App";
			sourceTree = "<group>";
		};
		055C639F28C7421600F22AAC /* Notes WatchKit Extension */ = {
			isa = PBXGroup;
			children = (
				055C63BA28C7631B00F22AAC /* Model */,
				055C63B928C762F700F22AAC /* View */,
				055C63A228C7421600F22AAC /* NotesApp.swift */,
				055C63A428C7421600F22AAC /* ComplicationController.swift */,
				055C63A628C7421700F22AAC /* Assets.xcassets */,
				055C63AB28C7421700F22AAC /* Info.plist */,
				055C63A828C7421700F22AAC /* Preview Content */,
			);
			path = "Notes WatchKit Extension";
			sourceTree = "<group>";
		};
		055C63A828C7421700F22AAC /* Preview Content */ = {
			isa = PBXGroup;
			children = (
				055C63A928C7421700F22AAC /* Preview Assets.xcassets */,
			);
			path = "Preview Content";
			sourceTree = "<group>";
		};
		055C63B928C762F700F22AAC /* View */ = {
			isa = PBXGroup;
			children = (
				055C63A028C7421600F22AAC /* ContentView.swift */,
			);
			path = View;
			sourceTree = "<group>";
		};
		055C63BA28C7631B00F22AAC /* Model */ = {
			isa = PBXGroup;
			children = (
				055C63BB28C7632900F22AAC /* Note.swift */,
			);
			path = Model;
			sourceTree = "<group>";
		};
/* End PBXGroup section */

/* Begin PBXNativeTarget section */
		055C638B28C7421400F22AAC /* Notes */ = {
			isa = PBXNativeTarget;
			buildConfigurationList = 055C63B628C7421700F22AAC /* Build configuration list for PBXNativeTarget "Notes" */;
			buildPhases = (
				055C638A28C7421400F22AAC /* Resources */,
				055C63B528C7421700F22AAC /* Embed Watch Content */,
			);
			buildRules = (
			);
			dependencies = (
				055C639328C7421400F22AAC /* PBXTargetDependency */,
			);
			name = Notes;
			productName = Notes;
			productReference = 055C638C28C7421400F22AAC /* Notes.app */;
			productType = "com.apple.product-type.application.watchapp2-container";
		};
		055C638F28C7421400F22AAC /* Notes WatchKit App */ = {
			isa = PBXNativeTarget;
			buildConfigurationList = 055C63B228C7421700F22AAC /* Build configuration list for PBXNativeTarget "Notes WatchKit App" */;
			buildPhases = (
				055C638E28C7421400F22AAC /* Resources */,
				055C63B128C7421700F22AAC /* Embed App Extensions */,
			);
			buildRules = (
			);
			dependencies = (
				055C639E28C7421600F22AAC /* PBXTargetDependency */,
			);
			name = "Notes WatchKit App";
			productName = "Notes WatchKit App";
			productReference = 055C639028C7421400F22AAC /* Notes WatchKit App.app */;
			productType = "com.apple.product-type.application.watchapp2";
		};
		055C639A28C7421600F22AAC /* Notes WatchKit Extension */ = {
			isa = PBXNativeTarget;
			buildConfigurationList = 055C63AE28C7421700F22AAC /* Build configuration list for PBXNativeTarget "Notes WatchKit Extension" */;
			buildPhases = (
				055C639728C7421600F22AAC /* Sources */,
				055C639828C7421600F22AAC /* Frameworks */,
				055C639928C7421600F22AAC /* Resources */,
			);
			buildRules = (
			);
			dependencies = (
			);
			name = "Notes WatchKit Extension";
			productName = "Notes WatchKit Extension";
			productReference = 055C639B28C7421600F22AAC /* Notes WatchKit Extension.appex */;
			productType = "com.apple.product-type.watchkit2-extension";
		};
/* End PBXNativeTarget section */

/* Begin PBXProject section */
		055C638628C7421400F22AAC /* Project object */ = {
			isa = PBXProject;
			attributes = {
				BuildIndependentTargetsInParallel = 1;
				LastSwiftUpdateCheck = 1340;
				LastUpgradeCheck = 1340;
				TargetAttributes = {
					055C638B28C7421400F22AAC = {
						CreatedOnToolsVersion = 13.4.1;
					};
					055C638F28C7421400F22AAC = {
						CreatedOnToolsVersion = 13.4.1;
					};
					055C639A28C7421600F22AAC = {
						CreatedOnToolsVersion = 13.4.1;
					};
				};
			};
			buildConfigurationList = 055C638928C7421400F22AAC /* Build configuration list for PBXProject "Notes" */;
			compatibilityVersion = "Xcode 13.0";
			developmentRegion = en;
			hasScannedForEncodings = 0;
			knownRegions = (
				en,
				Base,
			);
			mainGroup = 055C638528C7421400F22AAC;
			productRefGroup = 055C638D28C7421400F22AAC /* Products */;
			projectDirPath = "";
			projectRoot = "";
			targets = (
				055C638B28C7421400F22AAC /* Notes */,
				055C638F28C7421400F22AAC /* Notes WatchKit App */,
				055C639A28C7421600F22AAC /* Notes WatchKit Extension */,
			);
		};
/* End PBXProject section */

/* Begin PBXResourcesBuildPhase section */
		055C638A28C7421400F22AAC /* Resources */ = {
			isa = PBXResourcesBuildPhase;
			buildActionMask = 2147483647;
			files = (
			);
			runOnlyForDeploymentPostprocessing = 0;
		};
		055C638E28C7421400F22AAC /* Resources */ = {
			isa = PBXResourcesBuildPhase;
			buildActionMask = 2147483647;
			files = (
				055C639628C7421600F22AAC /* Assets.xcassets in Resources */,
			);
			runOnlyForDeploymentPostprocessing = 0;
		};
		055C639928C7421600F22AAC /* Resources */ = {
			isa = PBXResourcesBuildPhase;
			buildActionMask = 2147483647;
			files = (
				055C63AA28C7421700F22AAC /* Preview Assets.xcassets in Resources */,
				055C63A728C7421700F22AAC /* Assets.xcassets in Resources */,
			);
			runOnlyForDeploymentPostprocessing = 0;
		};
/* End PBXResourcesBuildPhase section */

/* Begin PBXSourcesBuildPhase section */
		055C639728C7421600F22AAC /* Sources */ = {
			isa = PBXSourcesBuildPhase;
			buildActionMask = 2147483647;
			files = (
				055C63A128C7421600F22AAC /* ContentView.swift in Sources */,
				055C63A328C7421600F22AAC /* NotesApp.swift in Sources */,
				055C63A528C7421600F22AAC /* ComplicationController.swift in Sources */,
				055C63BC28C7632900F22AAC /* Note.swift in Sources */,
			);
			runOnlyForDeploymentPostprocessing = 0;
		};
/* End PBXSourcesBuildPhase section */

/* Begin PBXTargetDependency section */
		055C639328C7421400F22AAC /* PBXTargetDependency */ = {
			isa = PBXTargetDependency;
			target = 055C638F28C7421400F22AAC /* Notes WatchKit App */;
			targetProxy = 055C639228C7421400F22AAC /* PBXContainerItemProxy */;
		};
		055C639E28C7421600F22AAC /* PBXTargetDependency */ = {
			isa = PBXTargetDependency;
			target = 055C639A28C7421600F22AAC /* Notes WatchKit Extension */;
			targetProxy = 055C639D28C7421600F22AAC /* PBXContainerItemProxy */;
		};
/* End PBXTargetDependency section */

/* Begin XCBuildConfiguration section */
		055C63AC28C7421700F22AAC /* Debug */ = {
			isa = XCBuildConfiguration;
			buildSettings = {
				ALWAYS_SEARCH_USER_PATHS = NO;
				CLANG_ANALYZER_NONNULL = YES;
				CLANG_ANALYZER_NUMBER_OBJECT_CONVERSION = YES_AGGRESSIVE;
				CLANG_CXX_LANGUAGE_STANDARD = "gnu++17";
				CLANG_ENABLE_MODULES = YES;
				CLANG_ENABLE_OBJC_ARC = YES;
				CLANG_ENABLE_OBJC_WEAK = YES;
				CLANG_WARN_BLOCK_CAPTURE_AUTORELEASING = YES;
				CLANG_WARN_BOOL_CONVERSION = YES;
				CLANG_WARN_COMMA = YES;
				CLANG_WARN_CONSTANT_CONVERSION = YES;
				CLANG_WARN_DEPRECATED_OBJC_IMPLEMENTATIONS = YES;
				CLANG_WARN_DIRECT_OBJC_ISA_USAGE = YES_ERROR;
				CLANG_WARN_DOCUMENTATION_COMMENTS = YES;
				CLANG_WARN_EMPTY_BODY = YES;
				CLANG_WARN_ENUM_CONVERSION = YES;
				CLANG_WARN_INFINITE_RECURSION = YES;
				CLANG_WARN_INT_CONVERSION = YES;
				CLANG_WARN_NON_LITERAL_NULL_CONVERSION = YES;
				CLANG_WARN_OBJC_IMPLICIT_RETAIN_SELF = YES;
				CLANG_WARN_OBJC_LITERAL_CONVERSION = YES;
				CLANG_WARN_OBJC_ROOT_CLASS = YES_ERROR;
				CLANG_WARN_QUOTED_INCLUDE_IN_FRAMEWORK_HEADER = YES;
				CLANG_WARN_RANGE_LOOP_ANALYSIS = YES;
				CLANG_WARN_STRICT_PROTOTYPES = YES;
				CLANG_WARN_SUSPICIOUS_MOVE = YES;
				CLANG_WARN_UNGUARDED_AVAILABILITY = YES_AGGRESSIVE;
				CLANG_WARN_UNREACHABLE_CODE = YES;
				CLANG_WARN__DUPLICATE_METHOD_MATCH = YES;
				COPY_PHASE_STRIP = NO;
				DEBUG_INFORMATION_FORMAT = dwarf;
				ENABLE_STRICT_OBJC_MSGSEND = YES;
				ENABLE_TESTABILITY = YES;
				GCC_C_LANGUAGE_STANDARD = gnu11;
				GCC_DYNAMIC_NO_PIC = NO;
				GCC_NO_COMMON_BLOCKS = YES;
				GCC_OPTIMIZATION_LEVEL = 0;
				GCC_PREPROCESSOR_DEFINITIONS = (
					"DEBUG=1",
					"$(inherited)",
				);
				GCC_WARN_64_TO_32_BIT_CONVERSION = YES;
				GCC_WARN_ABOUT_RETURN_TYPE = YES_ERROR;
				GCC_WARN_UNDECLARED_SELECTOR = YES;
				GCC_WARN_UNINITIALIZED_AUTOS = YES_AGGRESSIVE;
				GCC_WARN_UNUSED_FUNCTION = YES;
				GCC_WARN_UNUSED_VARIABLE = YES;
				MTL_ENABLE_DEBUG_INFO = INCLUDE_SOURCE;
				MTL_FAST_MATH = YES;
				ONLY_ACTIVE_ARCH = YES;
				SDKROOT = iphoneos;
				SWIFT_ACTIVE_COMPILATION_CONDITIONS = DEBUG;
				SWIFT_OPTIMIZATION_LEVEL = "-Onone";
			};
			name = Debug;
		};
		055C63AD28C7421700F22AAC /* Release */ = {
			isa = XCBuildConfiguration;
			buildSettings = {
				ALWAYS_SEARCH_USER_PATHS = NO;
				CLANG_ANALYZER_NONNULL = YES;
				CLANG_ANALYZER_NUMBER_OBJECT_CONVERSION = YES_AGGRESSIVE;
				CLANG_CXX_LANGUAGE_STANDARD = "gnu++17";
				CLANG_ENABLE_MODULES = YES;
				CLANG_ENABLE_OBJC_ARC = YES;
				CLANG_ENABLE_OBJC_WEAK = YES;
				CLANG_WARN_BLOCK_CAPTURE_AUTORELEASING = YES;
				CLANG_WARN_BOOL_CONVERSION = YES;
				CLANG_WARN_COMMA = YES;
				CLANG_WARN_CONSTANT_CONVERSION = YES;
				CLANG_WARN_DEPRECATED_OBJC_IMPLEMENTATIONS = YES;
				CLANG_WARN_DIRECT_OBJC_ISA_USAGE = YES_ERROR;
				CLANG_WARN_DOCUMENTATION_COMMENTS = YES;
				CLANG_WARN_EMPTY_BODY = YES;
				CLANG_WARN_ENUM_CONVERSION = YES;
				CLANG_WARN_INFINITE_RECURSION = YES;
				CLANG_WARN_INT_CONVERSION = YES;
				CLANG_WARN_NON_LITERAL_NULL_CONVERSION = YES;
				CLANG_WARN_OBJC_IMPLICIT_RETAIN_SELF = YES;
				CLANG_WARN_OBJC_LITERAL_CONVERSION = YES;
				CLANG_WARN_OBJC_ROOT_CLASS = YES_ERROR;
				CLANG_WARN_QUOTED_INCLUDE_IN_FRAMEWORK_HEADER = YES;
				CLANG_WARN_RANGE_LOOP_ANALYSIS = YES;
				CLANG_WARN_STRICT_PROTOTYPES = YES;
				CLANG_WARN_SUSPICIOUS_MOVE = YES;
				CLANG_WARN_UNGUARDED_AVAILABILITY = YES_AGGRESSIVE;
				CLANG_WARN_UNREACHABLE_CODE = YES;
				CLANG_WARN__DUPLICATE_METHOD_MATCH = YES;
				COPY_PHASE_STRIP = NO;
				DEBUG_INFORMATION_FORMAT = "dwarf-with-dsym";
				ENABLE_NS_ASSERTIONS = NO;
				ENABLE_STRICT_OBJC_MSGSEND = YES;
				GCC_C_LANGUAGE_STANDARD = gnu11;
				GCC_NO_COMMON_BLOCKS = YES;
				GCC_WARN_64_TO_32_BIT_CONVERSION = YES;
				GCC_WARN_ABOUT_RETURN_TYPE = YES_ERROR;
				GCC_WARN_UNDECLARED_SELECTOR = YES;
				GCC_WARN_UNINITIALIZED_AUTOS = YES_AGGRESSIVE;
				GCC_WARN_UNUSED_FUNCTION = YES;
				GCC_WARN_UNUSED_VARIABLE = YES;
				MTL_ENABLE_DEBUG_INFO = NO;
				MTL_FAST_MATH = YES;
				SDKROOT = iphoneos;
				SWIFT_COMPILATION_MODE = wholemodule;
				SWIFT_OPTIMIZATION_LEVEL = "-O";
				VALIDATE_PRODUCT = YES;
			};
			name = Release;
		};
		055C63AF28C7421700F22AAC /* Debug */ = {
			isa = XCBuildConfiguration;
			buildSettings = {
				ASSETCATALOG_COMPILER_COMPLICATION_NAME = Complication;
				CODE_SIGN_STYLE = Automatic;
				CURRENT_PROJECT_VERSION = 1;
				DEVELOPMENT_ASSET_PATHS = "\"Notes WatchKit Extension/Preview Content\"";
				DEVELOPMENT_TEAM = L2CJ78AL3T;
				ENABLE_PREVIEWS = YES;
				GENERATE_INFOPLIST_FILE = YES;
				INFOPLIST_FILE = "Notes WatchKit Extension/Info.plist";
				INFOPLIST_KEY_CFBundleDisplayName = "Notes WatchKit Extension";
				INFOPLIST_KEY_CLKComplicationPrincipalClass = "$(PRODUCT_MODULE_NAME).ComplicationController";
				INFOPLIST_KEY_NSHumanReadableCopyright = "";
				INFOPLIST_KEY_WKWatchOnly = YES;
				LD_RUNPATH_SEARCH_PATHS = (
					"$(inherited)",
					"@executable_path/Frameworks",
					"@executable_path/../../Frameworks",
				);
				MARKETING_VERSION = 1.0;
				PRODUCT_BUNDLE_IDENTIFIER = com.fku.Notes.watchkitapp.watchkitextension;
				PRODUCT_NAME = "${TARGET_NAME}";
				SDKROOT = watchos;
				SKIP_INSTALL = YES;
				SWIFT_EMIT_LOC_STRINGS = YES;
				SWIFT_VERSION = 5.0;
				TARGETED_DEVICE_FAMILY = 4;
				WATCHOS_DEPLOYMENT_TARGET = 8.5;
			};
			name = Debug;
		};
		055C63B028C7421700F22AAC /* Release */ = {
			isa = XCBuildConfiguration;
			buildSettings = {
				ASSETCATALOG_COMPILER_COMPLICATION_NAME = Complication;
				CODE_SIGN_STYLE = Automatic;
				CURRENT_PROJECT_VERSION = 1;
				DEVELOPMENT_ASSET_PATHS = "\"Notes WatchKit Extension/Preview Content\"";
				DEVELOPMENT_TEAM = L2CJ78AL3T;
				ENABLE_PREVIEWS = YES;
				GENERATE_INFOPLIST_FILE = YES;
				INFOPLIST_FILE = "Notes WatchKit Extension/Info.plist";
				INFOPLIST_KEY_CFBundleDisplayName = "Notes WatchKit Extension";
				INFOPLIST_KEY_CLKComplicationPrincipalClass = "$(PRODUCT_MODULE_NAME).ComplicationController";
				INFOPLIST_KEY_NSHumanReadableCopyright = "";
				INFOPLIST_KEY_WKWatchOnly = YES;
				LD_RUNPATH_SEARCH_PATHS = (
					"$(inherited)",
					"@executable_path/Frameworks",
					"@executable_path/../../Frameworks",
				);
				MARKETING_VERSION = 1.0;
				PRODUCT_BUNDLE_IDENTIFIER = com.fku.Notes.watchkitapp.watchkitextension;
				PRODUCT_NAME = "${TARGET_NAME}";
				SDKROOT = watchos;
				SKIP_INSTALL = YES;
				SWIFT_EMIT_LOC_STRINGS = YES;
				SWIFT_VERSION = 5.0;
				TARGETED_DEVICE_FAMILY = 4;
				WATCHOS_DEPLOYMENT_TARGET = 8.5;
			};
			name = Release;
		};
		055C63B328C7421700F22AAC /* Debug */ = {
			isa = XCBuildConfiguration;
			buildSettings = {
				ALWAYS_EMBED_SWIFT_STANDARD_LIBRARIES = YES;
				ASSETCATALOG_COMPILER_APPICON_NAME = AppIcon;
				ASSETCATALOG_COMPILER_GLOBAL_ACCENT_COLOR_NAME = AccentColor;
				CODE_SIGN_STYLE = Automatic;
				CURRENT_PROJECT_VERSION = 1;
				DEVELOPMENT_TEAM = L2CJ78AL3T;
				GENERATE_INFOPLIST_FILE = YES;
				IBSC_MODULE = Notes_WatchKit_Extension;
				INFOPLIST_KEY_CFBundleDisplayName = "Notes WatchKit App";
				INFOPLIST_KEY_UISupportedInterfaceOrientations = "UIInterfaceOrientationPortrait UIInterfaceOrientationPortraitUpsideDown";
				MARKETING_VERSION = 1.0;
				PRODUCT_BUNDLE_IDENTIFIER = com.fku.Notes.watchkitapp;
				PRODUCT_NAME = "$(TARGET_NAME)";
				SDKROOT = watchos;
				SKIP_INSTALL = YES;
				SWIFT_EMIT_LOC_STRINGS = YES;
				SWIFT_VERSION = 5.0;
				TARGETED_DEVICE_FAMILY = 4;
				WATCHOS_DEPLOYMENT_TARGET = 8.5;
			};
			name = Debug;
		};
		055C63B428C7421700F22AAC /* Release */ = {
			isa = XCBuildConfiguration;
			buildSettings = {
				ALWAYS_EMBED_SWIFT_STANDARD_LIBRARIES = YES;
				ASSETCATALOG_COMPILER_APPICON_NAME = AppIcon;
				ASSETCATALOG_COMPILER_GLOBAL_ACCENT_COLOR_NAME = AccentColor;
				CODE_SIGN_STYLE = Automatic;
				CURRENT_PROJECT_VERSION = 1;
				DEVELOPMENT_TEAM = L2CJ78AL3T;
				GENERATE_INFOPLIST_FILE = YES;
				IBSC_MODULE = Notes_WatchKit_Extension;
				INFOPLIST_KEY_CFBundleDisplayName = "Notes WatchKit App";
				INFOPLIST_KEY_UISupportedInterfaceOrientations = "UIInterfaceOrientationPortrait UIInterfaceOrientationPortraitUpsideDown";
				MARKETING_VERSION = 1.0;
				PRODUCT_BUNDLE_IDENTIFIER = com.fku.Notes.watchkitapp;
				PRODUCT_NAME = "$(TARGET_NAME)";
				SDKROOT = watchos;
				SKIP_INSTALL = YES;
				SWIFT_EMIT_LOC_STRINGS = YES;
				SWIFT_VERSION = 5.0;
				TARGETED_DEVICE_FAMILY = 4;
				WATCHOS_DEPLOYMENT_TARGET = 8.5;
			};
			name = Release;
		};
		055C63B728C7421700F22AAC /* Debug */ = {
			isa = XCBuildConfiguration;
			buildSettings = {
				CODE_SIGN_STYLE = Automatic;
				CURRENT_PROJECT_VERSION = 1;
				DEVELOPMENT_TEAM = L2CJ78AL3T;
				MARKETING_VERSION = 1.0;
				PRODUCT_BUNDLE_IDENTIFIER = com.fku.Notes;
				PRODUCT_NAME = "$(TARGET_NAME)";
				SWIFT_VERSION = 5.0;
			};
			name = Debug;
		};
		055C63B828C7421700F22AAC /* Release */ = {
			isa = XCBuildConfiguration;
			buildSettings = {
				CODE_SIGN_STYLE = Automatic;
				CURRENT_PROJECT_VERSION = 1;
				DEVELOPMENT_TEAM = L2CJ78AL3T;
				MARKETING_VERSION = 1.0;
				PRODUCT_BUNDLE_IDENTIFIER = com.fku.Notes;
				PRODUCT_NAME = "$(TARGET_NAME)";
				SWIFT_VERSION = 5.0;
			};
			name = Release;
		};
/* End XCBuildConfiguration section */

/* Begin XCConfigurationList section */
		055C638928C7421400F22AAC /* Build configuration list for PBXProject "Notes" */ = {
			isa = XCConfigurationList;
			buildConfigurations = (
				055C63AC28C7421700F22AAC /* Debug */,
				055C63AD28C7421700F22AAC /* Release */,
			);
			defaultConfigurationIsVisible = 0;
			defaultConfigurationName = Release;
		};
		055C63AE28C7421700F22AAC /* Build configuration list for PBXNativeTarget "Notes WatchKit Extension" */ = {
			isa = XCConfigurationList;
			buildConfigurations = (
				055C63AF28C7421700F22AAC /* Debug */,
				055C63B028C7421700F22AAC /* Release */,
			);
			defaultConfigurationIsVisible = 0;
			defaultConfigurationName = Release;
		};
		055C63B228C7421700F22AAC /* Build configuration list for PBXNativeTarget "Notes WatchKit App" */ = {
			isa = XCConfigurationList;
			buildConfigurations = (
				055C63B328C7421700F22AAC /* Debug */,
				055C63B428C7421700F22AAC /* Release */,
			);
			defaultConfigurationIsVisible = 0;
			defaultConfigurationName = Release;
		};
		055C63B628C7421700F22AAC /* Build configuration list for PBXNativeTarget "Notes" */ = {
			isa = XCConfigurationList;
			buildConfigurations = (
				055C63B728C7421700F22AAC /* Debug */,
				055C63B828C7421700F22AAC /* Release */,
			);
			defaultConfigurationIsVisible = 0;
			defaultConfigurationName = Release;
		};
/* End XCConfigurationList section */
	};
	rootObject = 055C638628C7421400F22AAC /* Project object */;
}
